// !$*UTF8*$!
{
	archiveVersion = 1;
	classes = {
	};
	objectVersion = 45;
	objects = {

/* Begin PBXBuildFile section */
		1D3623260D0F684500981E51 /* NinetyMinutesAppDelegate.m in Sources */ = {isa = PBXBuildFile; fileRef = 1D3623250D0F684500981E51 /* NinetyMinutesAppDelegate.m */; };
		1D60589B0D05DD56006BFB54 /* main.m in Sources */ = {isa = PBXBuildFile; fileRef = 29B97316FDCFA39411CA2CEA /* main.m */; };
		1D60589F0D05DD5A006BFB54 /* Foundation.framework in Frameworks */ = {isa = PBXBuildFile; fileRef = 1D30AB110D05D00D00671497 /* Foundation.framework */; };
		1DF5F4E00D08C38300B7A737 /* UIKit.framework in Frameworks */ = {isa = PBXBuildFile; fileRef = 1DF5F4DF0D08C38300B7A737 /* UIKit.framework */; };
		2892E4100DC94CBA00A64D0F /* CoreGraphics.framework in Frameworks */ = {isa = PBXBuildFile; fileRef = 2892E40F0DC94CBA00A64D0F /* CoreGraphics.framework */; };
		28AD73600D9D9599002E5188 /* MainWindow.xib in Resources */ = {isa = PBXBuildFile; fileRef = 28AD735F0D9D9599002E5188 /* MainWindow.xib */; };
		28C286E10D94DF7D0034E888 /* NMRootViewController.m in Sources */ = {isa = PBXBuildFile; fileRef = 28C286E00D94DF7D0034E888 /* NMRootViewController.m */; };
		28F335F11007B36200424DE2 /* NMRootViewController.xib in Resources */ = {isa = PBXBuildFile; fileRef = 28F335F01007B36200424DE2 /* NMRootViewController.xib */; };
		3201088596B4756681693705 /* libThree20UICommon.a in Frameworks */ = {isa = PBXBuildFile; fileRef = 3201088596B4756681693704 /* libThree20UICommon.a */; };
		320A2827FEC940B25BC42C65 /* libThree20Core.a in Frameworks */ = {isa = PBXBuildFile; fileRef = 320A2827FEC940B25BC42C64 /* libThree20Core.a */; };
		320A5A189C235877202780D5 /* libThree20Network.a in Frameworks */ = {isa = PBXBuildFile; fileRef = 320A5A189C235877202780D4 /* libThree20Network.a */; };
		320A737074758E53BA54BE95 /* libThree20UINavigator.a in Frameworks */ = {isa = PBXBuildFile; fileRef = 320A737074758E53BA54BE94 /* libThree20UINavigator.a */; };
		320AF8492C47A4D819F7C451 /* QuartzCore.framework in Frameworks */ = {isa = PBXBuildFile; fileRef = 320AF8492C47A4D819F7C450 /* QuartzCore.framework */; };
		320B6C86F11D9990244A9731 /* Three20.bundle in Resources */ = {isa = PBXBuildFile; fileRef = 320B6C86F11D9990244A9730 /* Three20.bundle */; };
		320CC833B8AF0ACFD35E6225 /* libThree20Style.a in Frameworks */ = {isa = PBXBuildFile; fileRef = 320CC833B8AF0ACFD35E6224 /* libThree20Style.a */; };
		320D7DCCE32703ACAB9A45E5 /* libThree20.a in Frameworks */ = {isa = PBXBuildFile; fileRef = 320D7DCCE32703ACAB9A45E4 /* libThree20.a */; };
		320F2C48872C2E2C4DF86205 /* libThree20UI.a in Frameworks */ = {isa = PBXBuildFile; fileRef = 320F2C48872C2E2C4DF86204 /* libThree20UI.a */; };
		3D295F91130DBAD600E81456 /* NMStatusUpdate.m in Sources */ = {isa = PBXBuildFile; fileRef = 3D295F90130DBAD600E81456 /* NMStatusUpdate.m */; };
		3D295F9F130DBB8500E81456 /* CoreLocation.framework in Frameworks */ = {isa = PBXBuildFile; fileRef = 3D295F9E130DBB8500E81456 /* CoreLocation.framework */; };
		3D295FD6130DC52300E81456 /* NMUpdateStatusRequest.m in Sources */ = {isa = PBXBuildFile; fileRef = 3D295FD5130DC52300E81456 /* NMUpdateStatusRequest.m */; };
		3D2B0B571306D5B2002BD38A /* ASIAuthenticationDialog.m in Sources */ = {isa = PBXBuildFile; fileRef = 3D2B0B441306D5B2002BD38A /* ASIAuthenticationDialog.m */; };
		3D2B0B581306D5B2002BD38A /* ASIDataCompressor.m in Sources */ = {isa = PBXBuildFile; fileRef = 3D2B0B471306D5B2002BD38A /* ASIDataCompressor.m */; };
		3D2B0B591306D5B2002BD38A /* ASIDataDecompressor.m in Sources */ = {isa = PBXBuildFile; fileRef = 3D2B0B491306D5B2002BD38A /* ASIDataDecompressor.m */; };
		3D2B0B5A1306D5B2002BD38A /* ASIDownloadCache.m in Sources */ = {isa = PBXBuildFile; fileRef = 3D2B0B4B1306D5B2002BD38A /* ASIDownloadCache.m */; };
		3D2B0B5B1306D5B2002BD38A /* ASIFormDataRequest.m in Sources */ = {isa = PBXBuildFile; fileRef = 3D2B0B4D1306D5B2002BD38A /* ASIFormDataRequest.m */; };
		3D2B0B5C1306D5B2002BD38A /* ASIHTTPRequest.m in Sources */ = {isa = PBXBuildFile; fileRef = 3D2B0B4F1306D5B2002BD38A /* ASIHTTPRequest.m */; };
		3D2B0B5D1306D5B2002BD38A /* ASIInputStream.m in Sources */ = {isa = PBXBuildFile; fileRef = 3D2B0B531306D5B2002BD38A /* ASIInputStream.m */; };
		3D2B0B5E1306D5B2002BD38A /* ASINetworkQueue.m in Sources */ = {isa = PBXBuildFile; fileRef = 3D2B0B551306D5B2002BD38A /* ASINetworkQueue.m */; };
		3D2B0B621306D5FA002BD38A /* Reachability.m in Sources */ = {isa = PBXBuildFile; fileRef = 3D2B0B611306D5FA002BD38A /* Reachability.m */; };
		3D2B0B641306D60E002BD38A /* CFNetwork.framework in Frameworks */ = {isa = PBXBuildFile; fileRef = 3D2B0B631306D60E002BD38A /* CFNetwork.framework */; };
		3D2B0B681306D61A002BD38A /* SystemConfiguration.framework in Frameworks */ = {isa = PBXBuildFile; fileRef = 3D2B0B671306D61A002BD38A /* SystemConfiguration.framework */; };
		3D2B0B6C1306D626002BD38A /* MobileCoreServices.framework in Frameworks */ = {isa = PBXBuildFile; fileRef = 3D2B0B6B1306D626002BD38A /* MobileCoreServices.framework */; };
		3D2B0B701306D64F002BD38A /* libz.1.2.3.dylib in Frameworks */ = {isa = PBXBuildFile; fileRef = 3D2B0B6F1306D64F002BD38A /* libz.1.2.3.dylib */; };
		3D2B0B8B1306D768002BD38A /* NMUser.m in Sources */ = {isa = PBXBuildFile; fileRef = 3D2B0B8A1306D768002BD38A /* NMUser.m */; };
		3D2B0BB41306D99E002BD38A /* NMRequest.m in Sources */ = {isa = PBXBuildFile; fileRef = 3D2B0BB31306D99E002BD38A /* NMRequest.m */; };
		3D2B0BD41306DB51002BD38A /* NMAuthenticationManager.m in Sources */ = {isa = PBXBuildFile; fileRef = 3D2B0BD31306DB51002BD38A /* NMAuthenticationManager.m */; };
		3D2B0BFB1306DFA0002BD38A /* NMLoginViewController.m in Sources */ = {isa = PBXBuildFile; fileRef = 3D2B0BF91306DFA0002BD38A /* NMLoginViewController.m */; };
		3D2B0BFC1306DFA0002BD38A /* NMLoginViewController.xib in Resources */ = {isa = PBXBuildFile; fileRef = 3D2B0BFA1306DFA0002BD38A /* NMLoginViewController.xib */; };
		3D2B0C7F1306EEF7002BD38A /* Global.m in Sources */ = {isa = PBXBuildFile; fileRef = 3D2B0C7E1306EEF7002BD38A /* Global.m */; };
		3D3B0DFB13204F6E00025DF7 /* userCell_out.png in Resources */ = {isa = PBXBuildFile; fileRef = 3D3B0DF913204F6E00025DF7 /* userCell_out.png */; };
		3D3B0DFC13204F6E00025DF7 /* userCell_in.png in Resources */ = {isa = PBXBuildFile; fileRef = 3D3B0DFA13204F6E00025DF7 /* userCell_in.png */; };
		3D43777A1311593600D13DFC /* NMFriendsViewController.m in Sources */ = {isa = PBXBuildFile; fileRef = 3D4377781311593600D13DFC /* NMFriendsViewController.m */; };
		3D43777B1311593600D13DFC /* NMFriendsViewController.xib in Resources */ = {isa = PBXBuildFile; fileRef = 3D4377791311593600D13DFC /* NMFriendsViewController.xib */; };
		3D4F71EA131BD54A0081D69A /* NMUserViewController.m in Sources */ = {isa = PBXBuildFile; fileRef = 3D4F71E8131BD54A0081D69A /* NMUserViewController.m */; };
		3D4F71EB131BD54A0081D69A /* NMUserViewController.xib in Resources */ = {isa = PBXBuildFile; fileRef = 3D4F71E9131BD54A0081D69A /* NMUserViewController.xib */; };
		3D57B404130C8ED000073D3C /* Facebook.m in Sources */ = {isa = PBXBuildFile; fileRef = 3D57B3ED130C8ED000073D3C /* Facebook.m */; };
		3D57B405130C8ED000073D3C /* FBDialog.bundle in Resources */ = {isa = PBXBuildFile; fileRef = 3D57B3EF130C8ED000073D3C /* FBDialog.bundle */; };
		3D57B406130C8ED000073D3C /* FBDialog.m in Sources */ = {isa = PBXBuildFile; fileRef = 3D57B3F1130C8ED000073D3C /* FBDialog.m */; };
		3D57B407130C8ED000073D3C /* FBLoginDialog.m in Sources */ = {isa = PBXBuildFile; fileRef = 3D57B3F3130C8ED000073D3C /* FBLoginDialog.m */; };
		3D57B408130C8ED000073D3C /* FBRequest.m in Sources */ = {isa = PBXBuildFile; fileRef = 3D57B3F5130C8ED000073D3C /* FBRequest.m */; };
		3D57B409130C8ED000073D3C /* NSObject+SBJSON.m in Sources */ = {isa = PBXBuildFile; fileRef = 3D57B3F9130C8ED000073D3C /* NSObject+SBJSON.m */; };
		3D57B40A130C8ED000073D3C /* NSString+SBJSON.m in Sources */ = {isa = PBXBuildFile; fileRef = 3D57B3FB130C8ED000073D3C /* NSString+SBJSON.m */; };
		3D57B40B130C8ED000073D3C /* SBJSON.m in Sources */ = {isa = PBXBuildFile; fileRef = 3D57B3FD130C8ED000073D3C /* SBJSON.m */; };
		3D57B40C130C8ED000073D3C /* SBJsonBase.m in Sources */ = {isa = PBXBuildFile; fileRef = 3D57B3FF130C8ED000073D3C /* SBJsonBase.m */; };
		3D57B40D130C8ED000073D3C /* SBJsonParser.m in Sources */ = {isa = PBXBuildFile; fileRef = 3D57B401130C8ED000073D3C /* SBJsonParser.m */; };
		3D57B40E130C8ED000073D3C /* SBJsonWriter.m in Sources */ = {isa = PBXBuildFile; fileRef = 3D57B403130C8ED000073D3C /* SBJsonWriter.m */; };
		3D804A1D131ACAAF00B37E43 /* mapPin_grey.png in Resources */ = {isa = PBXBuildFile; fileRef = 3D804A1A131ACAAF00B37E43 /* mapPin_grey.png */; };
		3D804A1E131ACAAF00B37E43 /* mapPin_green.png in Resources */ = {isa = PBXBuildFile; fileRef = 3D804A1B131ACAAF00B37E43 /* mapPin_green.png */; };
		3D804A1F131ACAAF00B37E43 /* mapPin_red.png in Resources */ = {isa = PBXBuildFile; fileRef = 3D804A1C131ACAAF00B37E43 /* mapPin_red.png */; };
		3DCE95F513145D450005E8F8 /* MapKit.framework in Frameworks */ = {isa = PBXBuildFile; fileRef = 3DCE95F413145D450005E8F8 /* MapKit.framework */; };
		3DCE966813146C9C0005E8F8 /* NMUserAnnotationView.m in Sources */ = {isa = PBXBuildFile; fileRef = 3DCE966713146C9C0005E8F8 /* NMUserAnnotationView.m */; };
		3DCE967F131470AE0005E8F8 /* NMCurrentUserAnnotationView.m in Sources */ = {isa = PBXBuildFile; fileRef = 3DCE967E131470AE0005E8F8 /* NMCurrentUserAnnotationView.m */; };
		3DE51954130F3520004353F3 /* NSDateAdditions.m in Sources */ = {isa = PBXBuildFile; fileRef = 3DE5194D130F3520004353F3 /* NSDateAdditions.m */; };
		3DE51955130F3520004353F3 /* NSDictionaryAdditions.m in Sources */ = {isa = PBXBuildFile; fileRef = 3DE5194F130F3520004353F3 /* NSDictionaryAdditions.m */; };
		3DE51956130F3520004353F3 /* NSStringAdditions.m in Sources */ = {isa = PBXBuildFile; fileRef = 3DE51951130F3520004353F3 /* NSStringAdditions.m */; };
		3DE51957130F3520004353F3 /* NSURL+QueryParameters.m in Sources */ = {isa = PBXBuildFile; fileRef = 3DE51953130F3520004353F3 /* NSURL+QueryParameters.m */; };
		3DE519B0130F357A004353F3 /* ISO8601DateFormatter.m in Sources */ = {isa = PBXBuildFile; fileRef = 3DE519AF130F357A004353F3 /* ISO8601DateFormatter.m */; };
		3DE519D5130F37D6004353F3 /* ASIHTTPRequest+Signature.m in Sources */ = {isa = PBXBuildFile; fileRef = 3DE519D4130F37D6004353F3 /* ASIHTTPRequest+Signature.m */; };
		3DE51A3A130F3931004353F3 /* NMViewExtension.m in Sources */ = {isa = PBXBuildFile; fileRef = 3DE51A38130F3931004353F3 /* NMViewExtension.m */; };
		3DE51A3B130F3931004353F3 /* NMViewExtension.xib in Resources */ = {isa = PBXBuildFile; fileRef = 3DE51A39130F3931004353F3 /* NMViewExtension.xib */; };
		3DE51AD2130F4455004353F3 /* NMGetStatusRequest.m in Sources */ = {isa = PBXBuildFile; fileRef = 3DE51AD1130F4455004353F3 /* NMGetStatusRequest.m */; };
		3DE51B36130F48B9004353F3 /* CDataScanner.m in Sources */ = {isa = PBXBuildFile; fileRef = 3DE51B21130F48B9004353F3 /* CDataScanner.m */; };
		3DE51B37130F48B9004353F3 /* CDataScanner_Extensions.m in Sources */ = {isa = PBXBuildFile; fileRef = 3DE51B24130F48B9004353F3 /* CDataScanner_Extensions.m */; };
		3DE51B38130F48B9004353F3 /* NSCharacterSet_Extensions.m in Sources */ = {isa = PBXBuildFile; fileRef = 3DE51B26130F48B9004353F3 /* NSCharacterSet_Extensions.m */; };
		3DE51B39130F48B9004353F3 /* NSDictionary_JSONExtensions.m in Sources */ = {isa = PBXBuildFile; fileRef = 3DE51B28130F48B9004353F3 /* NSDictionary_JSONExtensions.m */; };
		3DE51B3A130F48B9004353F3 /* NSScanner_Extensions.m in Sources */ = {isa = PBXBuildFile; fileRef = 3DE51B2A130F48B9004353F3 /* NSScanner_Extensions.m */; };
		3DE51B3B130F48B9004353F3 /* CJSONDataSerializer.m in Sources */ = {isa = PBXBuildFile; fileRef = 3DE51B2D130F48B9004353F3 /* CJSONDataSerializer.m */; };
		3DE51B3C130F48B9004353F3 /* CJSONDeserializer.m in Sources */ = {isa = PBXBuildFile; fileRef = 3DE51B2F130F48B9004353F3 /* CJSONDeserializer.m */; };
		3DE51B3D130F48B9004353F3 /* CJSONScanner.m in Sources */ = {isa = PBXBuildFile; fileRef = 3DE51B31130F48B9004353F3 /* CJSONScanner.m */; };
		3DE51B3E130F48B9004353F3 /* CJSONSerializer.m in Sources */ = {isa = PBXBuildFile; fileRef = 3DE51B33130F48B9004353F3 /* CJSONSerializer.m */; };
		3DE51B3F130F48B9004353F3 /* CSerializedJSONData.m in Sources */ = {isa = PBXBuildFile; fileRef = 3DE51B35130F48B9004353F3 /* CSerializedJSONData.m */; };
		3DE51B7E130F4B06004353F3 /* NMFriendsRequest.m in Sources */ = {isa = PBXBuildFile; fileRef = 3DE51B7D130F4B06004353F3 /* NMFriendsRequest.m */; };
		3DE51BF1130F552B004353F3 /* NMUserCell.m in Sources */ = {isa = PBXBuildFile; fileRef = 3DE51BF0130F552B004353F3 /* NMUserCell.m */; };
		3DE51BF7130F564F004353F3 /* NMUserCell.xib in Resources */ = {isa = PBXBuildFile; fileRef = 3DE51BF6130F564F004353F3 /* NMUserCell.xib */; };
		3DEE413A13100F590062AF1E /* NMInfoViewController.m in Sources */ = {isa = PBXBuildFile; fileRef = 3DEE413813100F590062AF1E /* NMInfoViewController.m */; };
		3DEE413B13100F590062AF1E /* NMInfoViewController.xib in Resources */ = {isa = PBXBuildFile; fileRef = 3DEE413913100F590062AF1E /* NMInfoViewController.xib */; };
/* End PBXBuildFile section */

/* Begin PBXContainerItemProxy section */
		3201088596B4756681693702 /* PBXContainerItemProxy */ = {
			isa = PBXContainerItemProxy;
			containerPortal = 3201088596B4756681693700 /* Three20UICommon.xcodeproj */;
			proxyType = 1;
			remoteGlobalIDString = BEF31F390F352DF5000DE5D2;
			remoteInfo = Three20UICommon;
		};
		3201088596B4756681693706 /* PBXContainerItemProxy */ = {
			isa = PBXContainerItemProxy;
			containerPortal = 3201088596B4756681693700 /* Three20UICommon.xcodeproj */;
			proxyType = 2;
			remoteGlobalIDString = BEF31F3A0F352DF5000DE5D2;
			remoteInfo = Three20UICommon;
		};
		320A2827FEC940B25BC42C62 /* PBXContainerItemProxy */ = {
			isa = PBXContainerItemProxy;
			containerPortal = 320A2827FEC940B25BC42C60 /* Three20Core.xcodeproj */;
			proxyType = 1;
			remoteGlobalIDString = BEF31F390F352DF5000DE5D2;
			remoteInfo = Three20Core;
		};
		320A2827FEC940B25BC42C66 /* PBXContainerItemProxy */ = {
			isa = PBXContainerItemProxy;
			containerPortal = 320A2827FEC940B25BC42C60 /* Three20Core.xcodeproj */;
			proxyType = 2;
			remoteGlobalIDString = BEF31F3A0F352DF5000DE5D2;
			remoteInfo = Three20Core;
		};
		320A5A189C235877202780D2 /* PBXContainerItemProxy */ = {
			isa = PBXContainerItemProxy;
			containerPortal = 320A5A189C235877202780D0 /* Three20Network.xcodeproj */;
			proxyType = 1;
			remoteGlobalIDString = BEF31F390F352DF5000DE5D2;
			remoteInfo = Three20Network;
		};
		320A5A189C235877202780D6 /* PBXContainerItemProxy */ = {
			isa = PBXContainerItemProxy;
			containerPortal = 320A5A189C235877202780D0 /* Three20Network.xcodeproj */;
			proxyType = 2;
			remoteGlobalIDString = BEF31F3A0F352DF5000DE5D2;
			remoteInfo = Three20Network;
		};
		320A737074758E53BA54BE92 /* PBXContainerItemProxy */ = {
			isa = PBXContainerItemProxy;
			containerPortal = 320A737074758E53BA54BE90 /* Three20UINavigator.xcodeproj */;
			proxyType = 1;
			remoteGlobalIDString = BEF31F390F352DF5000DE5D2;
			remoteInfo = Three20UINavigator;
		};
		320A737074758E53BA54BE96 /* PBXContainerItemProxy */ = {
			isa = PBXContainerItemProxy;
			containerPortal = 320A737074758E53BA54BE90 /* Three20UINavigator.xcodeproj */;
			proxyType = 2;
			remoteGlobalIDString = BEF31F3A0F352DF5000DE5D2;
			remoteInfo = Three20UINavigator;
		};
		320CC833B8AF0ACFD35E6222 /* PBXContainerItemProxy */ = {
			isa = PBXContainerItemProxy;
			containerPortal = 320CC833B8AF0ACFD35E6220 /* Three20Style.xcodeproj */;
			proxyType = 1;
			remoteGlobalIDString = BEF31F390F352DF5000DE5D2;
			remoteInfo = Three20Style;
		};
		320CC833B8AF0ACFD35E6226 /* PBXContainerItemProxy */ = {
			isa = PBXContainerItemProxy;
			containerPortal = 320CC833B8AF0ACFD35E6220 /* Three20Style.xcodeproj */;
			proxyType = 2;
			remoteGlobalIDString = BEF31F3A0F352DF5000DE5D2;
			remoteInfo = Three20Style;
		};
		320D7DCCE32703ACAB9A45E2 /* PBXContainerItemProxy */ = {
			isa = PBXContainerItemProxy;
			containerPortal = 320D7DCCE32703ACAB9A45E0 /* Three20.xcodeproj */;
			proxyType = 1;
			remoteGlobalIDString = BEF31F390F352DF5000DE5D2;
			remoteInfo = Three20;
		};
		320D7DCCE32703ACAB9A45E6 /* PBXContainerItemProxy */ = {
			isa = PBXContainerItemProxy;
			containerPortal = 320D7DCCE32703ACAB9A45E0 /* Three20.xcodeproj */;
			proxyType = 2;
			remoteGlobalIDString = BEF31F3A0F352DF5000DE5D2;
			remoteInfo = Three20;
		};
		320F2C48872C2E2C4DF86202 /* PBXContainerItemProxy */ = {
			isa = PBXContainerItemProxy;
			containerPortal = 320F2C48872C2E2C4DF86200 /* Three20UI.xcodeproj */;
			proxyType = 1;
			remoteGlobalIDString = BEF31F390F352DF5000DE5D2;
			remoteInfo = Three20UI;
		};
		320F2C48872C2E2C4DF86206 /* PBXContainerItemProxy */ = {
			isa = PBXContainerItemProxy;
			containerPortal = 320F2C48872C2E2C4DF86200 /* Three20UI.xcodeproj */;
			proxyType = 2;
			remoteGlobalIDString = BEF31F3A0F352DF5000DE5D2;
			remoteInfo = Three20UI;
		};
		3DE51842130F2FEA004353F3 /* PBXContainerItemProxy */ = {
			isa = PBXContainerItemProxy;
			containerPortal = 320D7DCCE32703ACAB9A45E0 /* Three20.xcodeproj */;
			proxyType = 2;
			remoteGlobalIDString = 665A55DE126521740032D0BE;
			remoteInfo = "Three20-Xcode3.2.5";
		};
		3DE51844130F2FEA004353F3 /* PBXContainerItemProxy */ = {
			isa = PBXContainerItemProxy;
			containerPortal = 320D7DCCE32703ACAB9A45E0 /* Three20.xcodeproj */;
			proxyType = 2;
			remoteGlobalIDString = EB9E6C6210B6A8F800DE563C;
			remoteInfo = Three20UnitTests;
		};
		3DE51846130F2FEA004353F3 /* PBXContainerItemProxy */ = {
			isa = PBXContainerItemProxy;
			containerPortal = 320D7DCCE32703ACAB9A45E0 /* Three20.xcodeproj */;
			proxyType = 2;
			remoteGlobalIDString = 665A55FB126521740032D0BE;
			remoteInfo = "Three20UnitTests-Xcode3.2.5";
		};
		3DE5184B130F2FEA004353F3 /* PBXContainerItemProxy */ = {
			isa = PBXContainerItemProxy;
			containerPortal = 320A2827FEC940B25BC42C60 /* Three20Core.xcodeproj */;
			proxyType = 2;
			remoteGlobalIDString = 6650CAA21262F6E2003FF804;
			remoteInfo = "Three20Core-Xcode3.2.5";
		};
		3DE5184D130F2FEA004353F3 /* PBXContainerItemProxy */ = {
			isa = PBXContainerItemProxy;
			containerPortal = 320A2827FEC940B25BC42C60 /* Three20Core.xcodeproj */;
			proxyType = 2;
			remoteGlobalIDString = EB9E6C6210B6A8F800DE563C;
			remoteInfo = Three20CoreUnitTests;
		};
		3DE5184F130F2FEA004353F3 /* PBXContainerItemProxy */ = {
			isa = PBXContainerItemProxy;
			containerPortal = 320A2827FEC940B25BC42C60 /* Three20Core.xcodeproj */;
			proxyType = 2;
			remoteGlobalIDString = 664961641262EE5000C2C80E;
			remoteInfo = "Three20CoreUnitTests-Xcode3.2.5";
		};
		3DE51854130F2FEA004353F3 /* PBXContainerItemProxy */ = {
			isa = PBXContainerItemProxy;
			containerPortal = 320A5A189C235877202780D0 /* Three20Network.xcodeproj */;
			proxyType = 2;
			remoteGlobalIDString = 662D81EF12630516005851C2;
			remoteInfo = "Three20Network-Xcode3.2.5";
		};
		3DE51856130F2FEA004353F3 /* PBXContainerItemProxy */ = {
			isa = PBXContainerItemProxy;
			containerPortal = 320A5A189C235877202780D0 /* Three20Network.xcodeproj */;
			proxyType = 2;
			remoteGlobalIDString = EB9E6C6210B6A8F800DE563C;
			remoteInfo = Three20NetworkUnitTests;
		};
		3DE51858130F2FEA004353F3 /* PBXContainerItemProxy */ = {
			isa = PBXContainerItemProxy;
			containerPortal = 320A5A189C235877202780D0 /* Three20Network.xcodeproj */;
			proxyType = 2;
			remoteGlobalIDString = 662D81B2126304EB005851C2;
			remoteInfo = "Three20NetworkUnitTests-Xcode3.2.5";
		};
		3DE5185D130F2FEA004353F3 /* PBXContainerItemProxy */ = {
			isa = PBXContainerItemProxy;
			containerPortal = 320CC833B8AF0ACFD35E6220 /* Three20Style.xcodeproj */;
			proxyType = 2;
			remoteGlobalIDString = 66C16BE912639E2700A7825A;
			remoteInfo = "Three20Style-Xcode3.2.5";
		};
		3DE5185F130F2FEA004353F3 /* PBXContainerItemProxy */ = {
			isa = PBXContainerItemProxy;
			containerPortal = 320CC833B8AF0ACFD35E6220 /* Three20Style.xcodeproj */;
			proxyType = 2;
			remoteGlobalIDString = EB9E6C6210B6A8F800DE563C;
			remoteInfo = Three20StyleUnitTests;
		};
		3DE51861130F2FEA004353F3 /* PBXContainerItemProxy */ = {
			isa = PBXContainerItemProxy;
			containerPortal = 320CC833B8AF0ACFD35E6220 /* Three20Style.xcodeproj */;
			proxyType = 2;
			remoteGlobalIDString = 66C16C0112639E4500A7825A;
			remoteInfo = "Three20StyleUnitTests-Xcode3.2.5";
		};
		3DE51866130F2FEA004353F3 /* PBXContainerItemProxy */ = {
			isa = PBXContainerItemProxy;
			containerPortal = 320F2C48872C2E2C4DF86200 /* Three20UI.xcodeproj */;
			proxyType = 2;
			remoteGlobalIDString = 66FC2BC81264E3A400F56B19;
			remoteInfo = "Three20UI-Xcode3.2.5";
		};
		3DE51868130F2FEA004353F3 /* PBXContainerItemProxy */ = {
			isa = PBXContainerItemProxy;
			containerPortal = 320F2C48872C2E2C4DF86200 /* Three20UI.xcodeproj */;
			proxyType = 2;
			remoteGlobalIDString = EB9E6C6210B6A8F800DE563C;
			remoteInfo = Three20UIUnitTests;
		};
		3DE5186A130F2FEA004353F3 /* PBXContainerItemProxy */ = {
			isa = PBXContainerItemProxy;
			containerPortal = 320F2C48872C2E2C4DF86200 /* Three20UI.xcodeproj */;
			proxyType = 2;
			remoteGlobalIDString = 66FC2BE61264E3A500F56B19;
			remoteInfo = "Three20UIUnitTests-Xcode3.2.5";
		};
		3DE5186F130F2FEA004353F3 /* PBXContainerItemProxy */ = {
			isa = PBXContainerItemProxy;
			containerPortal = 3201088596B4756681693700 /* Three20UICommon.xcodeproj */;
			proxyType = 2;
			remoteGlobalIDString = 665A53761264D54B0032D0BE;
			remoteInfo = "Three20UICommon-Xcode3.2.5";
		};
		3DE51871130F2FEA004353F3 /* PBXContainerItemProxy */ = {
			isa = PBXContainerItemProxy;
			containerPortal = 3201088596B4756681693700 /* Three20UICommon.xcodeproj */;
			proxyType = 2;
			remoteGlobalIDString = EB9E6C6210B6A8F800DE563C;
			remoteInfo = Three20UICommonUnitTests;
		};
		3DE51873130F2FEA004353F3 /* PBXContainerItemProxy */ = {
			isa = PBXContainerItemProxy;
			containerPortal = 3201088596B4756681693700 /* Three20UICommon.xcodeproj */;
			proxyType = 2;
			remoteGlobalIDString = 665A53891264D54B0032D0BE;
			remoteInfo = "Three20UICommonUnitTests-Xcode3.2.5";
		};
		3DE51878130F2FEA004353F3 /* PBXContainerItemProxy */ = {
			isa = PBXContainerItemProxy;
			containerPortal = 320A737074758E53BA54BE90 /* Three20UINavigator.xcodeproj */;
			proxyType = 2;
			remoteGlobalIDString = 665A54521264DAF70032D0BE;
			remoteInfo = "Three20UINavigator-Xcode3.2.5";
		};
		3DE5187A130F2FEA004353F3 /* PBXContainerItemProxy */ = {
			isa = PBXContainerItemProxy;
			containerPortal = 320A737074758E53BA54BE90 /* Three20UINavigator.xcodeproj */;
			proxyType = 2;
			remoteGlobalIDString = EB9E6C6210B6A8F800DE563C;
			remoteInfo = Three20UINavigatorUnitTests;
		};
		3DE5187C130F2FEA004353F3 /* PBXContainerItemProxy */ = {
			isa = PBXContainerItemProxy;
			containerPortal = 320A737074758E53BA54BE90 /* Three20UINavigator.xcodeproj */;
			proxyType = 2;
			remoteGlobalIDString = 665A54681264DAF70032D0BE;
			remoteInfo = "Three20UINavigatorUnitTests-Xcode3.2.5";
		};
/* End PBXContainerItemProxy section */

/* Begin PBXFileReference section */
		1D30AB110D05D00D00671497 /* Foundation.framework */ = {isa = PBXFileReference; lastKnownFileType = wrapper.framework; name = Foundation.framework; path = System/Library/Frameworks/Foundation.framework; sourceTree = SDKROOT; };
		1D3623240D0F684500981E51 /* NinetyMinutesAppDelegate.h */ = {isa = PBXFileReference; fileEncoding = 4; lastKnownFileType = sourcecode.c.h; path = NinetyMinutesAppDelegate.h; sourceTree = "<group>"; };
		1D3623250D0F684500981E51 /* NinetyMinutesAppDelegate.m */ = {isa = PBXFileReference; fileEncoding = 4; lastKnownFileType = sourcecode.c.objc; path = NinetyMinutesAppDelegate.m; sourceTree = "<group>"; };
		1D6058910D05DD3D006BFB54 /* NinetyMinutes.app */ = {isa = PBXFileReference; explicitFileType = wrapper.application; includeInIndex = 0; path = NinetyMinutes.app; sourceTree = BUILT_PRODUCTS_DIR; };
		1DF5F4DF0D08C38300B7A737 /* UIKit.framework */ = {isa = PBXFileReference; lastKnownFileType = wrapper.framework; name = UIKit.framework; path = System/Library/Frameworks/UIKit.framework; sourceTree = SDKROOT; };
		2892E40F0DC94CBA00A64D0F /* CoreGraphics.framework */ = {isa = PBXFileReference; lastKnownFileType = wrapper.framework; name = CoreGraphics.framework; path = System/Library/Frameworks/CoreGraphics.framework; sourceTree = SDKROOT; };
		28A0AAE50D9B0CCF005BE974 /* NinetyMinutes_Prefix.pch */ = {isa = PBXFileReference; fileEncoding = 4; lastKnownFileType = sourcecode.c.h; path = NinetyMinutes_Prefix.pch; sourceTree = "<group>"; };
		28AD735F0D9D9599002E5188 /* MainWindow.xib */ = {isa = PBXFileReference; lastKnownFileType = file.xib; path = MainWindow.xib; sourceTree = "<group>"; };
		28C286DF0D94DF7D0034E888 /* NMRootViewController.h */ = {isa = PBXFileReference; fileEncoding = 4; lastKnownFileType = sourcecode.c.h; path = NMRootViewController.h; sourceTree = "<group>"; };
		28C286E00D94DF7D0034E888 /* NMRootViewController.m */ = {isa = PBXFileReference; fileEncoding = 4; lastKnownFileType = sourcecode.c.objc; path = NMRootViewController.m; sourceTree = "<group>"; };
		28F335F01007B36200424DE2 /* NMRootViewController.xib */ = {isa = PBXFileReference; lastKnownFileType = file.xib; path = NMRootViewController.xib; sourceTree = "<group>"; };
		29B97316FDCFA39411CA2CEA /* main.m */ = {isa = PBXFileReference; fileEncoding = 4; lastKnownFileType = sourcecode.c.objc; path = main.m; sourceTree = "<group>"; };
		3201088596B4756681693700 /* Three20UICommon.xcodeproj */ = {isa = PBXFileReference; lastKnownFileType = "wrapper.pb-project"; name = Three20UICommon.xcodeproj; path = Libraries/Three20/src/Three20UICommon/Three20UICommon.xcodeproj; sourceTree = SOURCE_ROOT; };
		320A2827FEC940B25BC42C60 /* Three20Core.xcodeproj */ = {isa = PBXFileReference; lastKnownFileType = "wrapper.pb-project"; name = Three20Core.xcodeproj; path = Libraries/Three20/src/Three20Core/Three20Core.xcodeproj; sourceTree = SOURCE_ROOT; };
		320A5A189C235877202780D0 /* Three20Network.xcodeproj */ = {isa = PBXFileReference; lastKnownFileType = "wrapper.pb-project"; name = Three20Network.xcodeproj; path = Libraries/Three20/src/Three20Network/Three20Network.xcodeproj; sourceTree = SOURCE_ROOT; };
		320A737074758E53BA54BE90 /* Three20UINavigator.xcodeproj */ = {isa = PBXFileReference; lastKnownFileType = "wrapper.pb-project"; name = Three20UINavigator.xcodeproj; path = Libraries/Three20/src/Three20UINavigator/Three20UINavigator.xcodeproj; sourceTree = SOURCE_ROOT; };
		320AF8492C47A4D819F7C450 /* QuartzCore.framework */ = {isa = PBXFileReference; lastKnownFileType = wrapper.framework; name = QuartzCore.framework; path = System/Library/Frameworks/QuartzCore.framework; sourceTree = SDK_ROOT; };
		320B6C86F11D9990244A9730 /* Three20.bundle */ = {isa = PBXFileReference; lastKnownFileType = "wrapper.plug-in"; name = Three20.bundle; path = Libraries/Three20/src/Three20.bundle; sourceTree = SOURCE_ROOT; };
		320CC833B8AF0ACFD35E6220 /* Three20Style.xcodeproj */ = {isa = PBXFileReference; lastKnownFileType = "wrapper.pb-project"; name = Three20Style.xcodeproj; path = Libraries/Three20/src/Three20Style/Three20Style.xcodeproj; sourceTree = SOURCE_ROOT; };
		320D7DCCE32703ACAB9A45E0 /* Three20.xcodeproj */ = {isa = PBXFileReference; lastKnownFileType = "wrapper.pb-project"; name = Three20.xcodeproj; path = Libraries/Three20/src/Three20/Three20.xcodeproj; sourceTree = SOURCE_ROOT; };
		320F2C48872C2E2C4DF86200 /* Three20UI.xcodeproj */ = {isa = PBXFileReference; lastKnownFileType = "wrapper.pb-project"; name = Three20UI.xcodeproj; path = Libraries/Three20/src/Three20UI/Three20UI.xcodeproj; sourceTree = SOURCE_ROOT; };
		3D295F8F130DBAD600E81456 /* NMStatusUpdate.h */ = {isa = PBXFileReference; fileEncoding = 4; lastKnownFileType = sourcecode.c.h; path = NMStatusUpdate.h; sourceTree = "<group>"; };
		3D295F90130DBAD600E81456 /* NMStatusUpdate.m */ = {isa = PBXFileReference; fileEncoding = 4; lastKnownFileType = sourcecode.c.objc; path = NMStatusUpdate.m; sourceTree = "<group>"; };
		3D295F9E130DBB8500E81456 /* CoreLocation.framework */ = {isa = PBXFileReference; lastKnownFileType = wrapper.framework; name = CoreLocation.framework; path = System/Library/Frameworks/CoreLocation.framework; sourceTree = SDKROOT; };
		3D295FD4130DC52300E81456 /* NMUpdateStatusRequest.h */ = {isa = PBXFileReference; fileEncoding = 4; lastKnownFileType = sourcecode.c.h; path = NMUpdateStatusRequest.h; sourceTree = "<group>"; };
		3D295FD5130DC52300E81456 /* NMUpdateStatusRequest.m */ = {isa = PBXFileReference; fileEncoding = 4; lastKnownFileType = sourcecode.c.objc; path = NMUpdateStatusRequest.m; sourceTree = "<group>"; };
		3D2B0B431306D5B2002BD38A /* ASIAuthenticationDialog.h */ = {isa = PBXFileReference; fileEncoding = 4; lastKnownFileType = sourcecode.c.h; path = ASIAuthenticationDialog.h; sourceTree = "<group>"; };
		3D2B0B441306D5B2002BD38A /* ASIAuthenticationDialog.m */ = {isa = PBXFileReference; fileEncoding = 4; lastKnownFileType = sourcecode.c.objc; path = ASIAuthenticationDialog.m; sourceTree = "<group>"; };
		3D2B0B451306D5B2002BD38A /* ASICacheDelegate.h */ = {isa = PBXFileReference; fileEncoding = 4; lastKnownFileType = sourcecode.c.h; path = ASICacheDelegate.h; sourceTree = "<group>"; };
		3D2B0B461306D5B2002BD38A /* ASIDataCompressor.h */ = {isa = PBXFileReference; fileEncoding = 4; lastKnownFileType = sourcecode.c.h; path = ASIDataCompressor.h; sourceTree = "<group>"; };
		3D2B0B471306D5B2002BD38A /* ASIDataCompressor.m */ = {isa = PBXFileReference; fileEncoding = 4; lastKnownFileType = sourcecode.c.objc; path = ASIDataCompressor.m; sourceTree = "<group>"; };
		3D2B0B481306D5B2002BD38A /* ASIDataDecompressor.h */ = {isa = PBXFileReference; fileEncoding = 4; lastKnownFileType = sourcecode.c.h; path = ASIDataDecompressor.h; sourceTree = "<group>"; };
		3D2B0B491306D5B2002BD38A /* ASIDataDecompressor.m */ = {isa = PBXFileReference; fileEncoding = 4; lastKnownFileType = sourcecode.c.objc; path = ASIDataDecompressor.m; sourceTree = "<group>"; };
		3D2B0B4A1306D5B2002BD38A /* ASIDownloadCache.h */ = {isa = PBXFileReference; fileEncoding = 4; lastKnownFileType = sourcecode.c.h; path = ASIDownloadCache.h; sourceTree = "<group>"; };
		3D2B0B4B1306D5B2002BD38A /* ASIDownloadCache.m */ = {isa = PBXFileReference; fileEncoding = 4; lastKnownFileType = sourcecode.c.objc; path = ASIDownloadCache.m; sourceTree = "<group>"; };
		3D2B0B4C1306D5B2002BD38A /* ASIFormDataRequest.h */ = {isa = PBXFileReference; fileEncoding = 4; lastKnownFileType = sourcecode.c.h; path = ASIFormDataRequest.h; sourceTree = "<group>"; };
		3D2B0B4D1306D5B2002BD38A /* ASIFormDataRequest.m */ = {isa = PBXFileReference; fileEncoding = 4; lastKnownFileType = sourcecode.c.objc; path = ASIFormDataRequest.m; sourceTree = "<group>"; };
		3D2B0B4E1306D5B2002BD38A /* ASIHTTPRequest.h */ = {isa = PBXFileReference; fileEncoding = 4; lastKnownFileType = sourcecode.c.h; path = ASIHTTPRequest.h; sourceTree = "<group>"; };
		3D2B0B4F1306D5B2002BD38A /* ASIHTTPRequest.m */ = {isa = PBXFileReference; fileEncoding = 4; lastKnownFileType = sourcecode.c.objc; path = ASIHTTPRequest.m; sourceTree = "<group>"; };
		3D2B0B501306D5B2002BD38A /* ASIHTTPRequestConfig.h */ = {isa = PBXFileReference; fileEncoding = 4; lastKnownFileType = sourcecode.c.h; path = ASIHTTPRequestConfig.h; sourceTree = "<group>"; };
		3D2B0B511306D5B2002BD38A /* ASIHTTPRequestDelegate.h */ = {isa = PBXFileReference; fileEncoding = 4; lastKnownFileType = sourcecode.c.h; path = ASIHTTPRequestDelegate.h; sourceTree = "<group>"; };
		3D2B0B521306D5B2002BD38A /* ASIInputStream.h */ = {isa = PBXFileReference; fileEncoding = 4; lastKnownFileType = sourcecode.c.h; path = ASIInputStream.h; sourceTree = "<group>"; };
		3D2B0B531306D5B2002BD38A /* ASIInputStream.m */ = {isa = PBXFileReference; fileEncoding = 4; lastKnownFileType = sourcecode.c.objc; path = ASIInputStream.m; sourceTree = "<group>"; };
		3D2B0B541306D5B2002BD38A /* ASINetworkQueue.h */ = {isa = PBXFileReference; fileEncoding = 4; lastKnownFileType = sourcecode.c.h; path = ASINetworkQueue.h; sourceTree = "<group>"; };
		3D2B0B551306D5B2002BD38A /* ASINetworkQueue.m */ = {isa = PBXFileReference; fileEncoding = 4; lastKnownFileType = sourcecode.c.objc; path = ASINetworkQueue.m; sourceTree = "<group>"; };
		3D2B0B561306D5B2002BD38A /* ASIProgressDelegate.h */ = {isa = PBXFileReference; fileEncoding = 4; lastKnownFileType = sourcecode.c.h; path = ASIProgressDelegate.h; sourceTree = "<group>"; };
		3D2B0B601306D5FA002BD38A /* Reachability.h */ = {isa = PBXFileReference; fileEncoding = 4; lastKnownFileType = sourcecode.c.h; path = Reachability.h; sourceTree = "<group>"; };
		3D2B0B611306D5FA002BD38A /* Reachability.m */ = {isa = PBXFileReference; fileEncoding = 4; lastKnownFileType = sourcecode.c.objc; path = Reachability.m; sourceTree = "<group>"; };
		3D2B0B631306D60E002BD38A /* CFNetwork.framework */ = {isa = PBXFileReference; lastKnownFileType = wrapper.framework; name = CFNetwork.framework; path = System/Library/Frameworks/CFNetwork.framework; sourceTree = SDKROOT; };
		3D2B0B671306D61A002BD38A /* SystemConfiguration.framework */ = {isa = PBXFileReference; lastKnownFileType = wrapper.framework; name = SystemConfiguration.framework; path = System/Library/Frameworks/SystemConfiguration.framework; sourceTree = SDKROOT; };
		3D2B0B6B1306D626002BD38A /* MobileCoreServices.framework */ = {isa = PBXFileReference; lastKnownFileType = wrapper.framework; name = MobileCoreServices.framework; path = System/Library/Frameworks/MobileCoreServices.framework; sourceTree = SDKROOT; };
		3D2B0B6F1306D64F002BD38A /* libz.1.2.3.dylib */ = {isa = PBXFileReference; lastKnownFileType = "compiled.mach-o.dylib"; name = libz.1.2.3.dylib; path = usr/lib/libz.1.2.3.dylib; sourceTree = SDKROOT; };
		3D2B0B891306D768002BD38A /* NMUser.h */ = {isa = PBXFileReference; fileEncoding = 4; lastKnownFileType = sourcecode.c.h; path = NMUser.h; sourceTree = "<group>"; };
		3D2B0B8A1306D768002BD38A /* NMUser.m */ = {isa = PBXFileReference; fileEncoding = 4; lastKnownFileType = sourcecode.c.objc; path = NMUser.m; sourceTree = "<group>"; };
		3D2B0BB21306D99E002BD38A /* NMRequest.h */ = {isa = PBXFileReference; fileEncoding = 4; lastKnownFileType = sourcecode.c.h; path = NMRequest.h; sourceTree = "<group>"; };
		3D2B0BB31306D99E002BD38A /* NMRequest.m */ = {isa = PBXFileReference; fileEncoding = 4; lastKnownFileType = sourcecode.c.objc; path = NMRequest.m; sourceTree = "<group>"; };
		3D2B0BD21306DB51002BD38A /* NMAuthenticationManager.h */ = {isa = PBXFileReference; fileEncoding = 4; lastKnownFileType = sourcecode.c.h; path = NMAuthenticationManager.h; sourceTree = "<group>"; };
		3D2B0BD31306DB51002BD38A /* NMAuthenticationManager.m */ = {isa = PBXFileReference; fileEncoding = 4; lastKnownFileType = sourcecode.c.objc; path = NMAuthenticationManager.m; sourceTree = "<group>"; };
		3D2B0BF81306DFA0002BD38A /* NMLoginViewController.h */ = {isa = PBXFileReference; fileEncoding = 4; lastKnownFileType = sourcecode.c.h; path = NMLoginViewController.h; sourceTree = "<group>"; };
		3D2B0BF91306DFA0002BD38A /* NMLoginViewController.m */ = {isa = PBXFileReference; fileEncoding = 4; lastKnownFileType = sourcecode.c.objc; path = NMLoginViewController.m; sourceTree = "<group>"; };
		3D2B0BFA1306DFA0002BD38A /* NMLoginViewController.xib */ = {isa = PBXFileReference; lastKnownFileType = file.xib; path = NMLoginViewController.xib; sourceTree = "<group>"; };
		3D2B0C7D1306EEF7002BD38A /* Global.h */ = {isa = PBXFileReference; fileEncoding = 4; lastKnownFileType = sourcecode.c.h; path = Global.h; sourceTree = "<group>"; };
		3D2B0C7E1306EEF7002BD38A /* Global.m */ = {isa = PBXFileReference; fileEncoding = 4; lastKnownFileType = sourcecode.c.objc; path = Global.m; sourceTree = "<group>"; };
		3D3B0DF913204F6E00025DF7 /* userCell_out.png */ = {isa = PBXFileReference; lastKnownFileType = image.png; path = userCell_out.png; sourceTree = "<group>"; };
		3D3B0DFA13204F6E00025DF7 /* userCell_in.png */ = {isa = PBXFileReference; lastKnownFileType = image.png; path = userCell_in.png; sourceTree = "<group>"; };
		3D4377771311593600D13DFC /* NMFriendsViewController.h */ = {isa = PBXFileReference; fileEncoding = 4; lastKnownFileType = sourcecode.c.h; path = NMFriendsViewController.h; sourceTree = "<group>"; };
		3D4377781311593600D13DFC /* NMFriendsViewController.m */ = {isa = PBXFileReference; fileEncoding = 4; lastKnownFileType = sourcecode.c.objc; path = NMFriendsViewController.m; sourceTree = "<group>"; };
		3D4377791311593600D13DFC /* NMFriendsViewController.xib */ = {isa = PBXFileReference; lastKnownFileType = file.xib; path = NMFriendsViewController.xib; sourceTree = "<group>"; };
		3D4F71E7131BD54A0081D69A /* NMUserViewController.h */ = {isa = PBXFileReference; fileEncoding = 4; lastKnownFileType = sourcecode.c.h; path = NMUserViewController.h; sourceTree = "<group>"; };
		3D4F71E8131BD54A0081D69A /* NMUserViewController.m */ = {isa = PBXFileReference; fileEncoding = 4; lastKnownFileType = sourcecode.c.objc; path = NMUserViewController.m; sourceTree = "<group>"; };
		3D4F71E9131BD54A0081D69A /* NMUserViewController.xib */ = {isa = PBXFileReference; lastKnownFileType = file.xib; path = NMUserViewController.xib; sourceTree = "<group>"; };
		3D57B3EC130C8ED000073D3C /* Facebook.h */ = {isa = PBXFileReference; fileEncoding = 4; lastKnownFileType = sourcecode.c.h; path = Facebook.h; sourceTree = "<group>"; };
		3D57B3ED130C8ED000073D3C /* Facebook.m */ = {isa = PBXFileReference; fileEncoding = 4; lastKnownFileType = sourcecode.c.objc; path = Facebook.m; sourceTree = "<group>"; };
		3D57B3EE130C8ED000073D3C /* FBConnect.h */ = {isa = PBXFileReference; fileEncoding = 4; lastKnownFileType = sourcecode.c.h; path = FBConnect.h; sourceTree = "<group>"; };
		3D57B3EF130C8ED000073D3C /* FBDialog.bundle */ = {isa = PBXFileReference; lastKnownFileType = "wrapper.plug-in"; path = FBDialog.bundle; sourceTree = "<group>"; };
		3D57B3F0130C8ED000073D3C /* FBDialog.h */ = {isa = PBXFileReference; fileEncoding = 4; lastKnownFileType = sourcecode.c.h; path = FBDialog.h; sourceTree = "<group>"; };
		3D57B3F1130C8ED000073D3C /* FBDialog.m */ = {isa = PBXFileReference; fileEncoding = 4; lastKnownFileType = sourcecode.c.objc; path = FBDialog.m; sourceTree = "<group>"; };
		3D57B3F2130C8ED000073D3C /* FBLoginDialog.h */ = {isa = PBXFileReference; fileEncoding = 4; lastKnownFileType = sourcecode.c.h; path = FBLoginDialog.h; sourceTree = "<group>"; };
		3D57B3F3130C8ED000073D3C /* FBLoginDialog.m */ = {isa = PBXFileReference; fileEncoding = 4; lastKnownFileType = sourcecode.c.objc; path = FBLoginDialog.m; sourceTree = "<group>"; };
		3D57B3F4130C8ED000073D3C /* FBRequest.h */ = {isa = PBXFileReference; fileEncoding = 4; lastKnownFileType = sourcecode.c.h; path = FBRequest.h; sourceTree = "<group>"; };
		3D57B3F5130C8ED000073D3C /* FBRequest.m */ = {isa = PBXFileReference; fileEncoding = 4; lastKnownFileType = sourcecode.c.objc; path = FBRequest.m; sourceTree = "<group>"; };
		3D57B3F7130C8ED000073D3C /* JSON.h */ = {isa = PBXFileReference; fileEncoding = 4; lastKnownFileType = sourcecode.c.h; path = JSON.h; sourceTree = "<group>"; };
		3D57B3F8130C8ED000073D3C /* NSObject+SBJSON.h */ = {isa = PBXFileReference; fileEncoding = 4; lastKnownFileType = sourcecode.c.h; path = "NSObject+SBJSON.h"; sourceTree = "<group>"; };
		3D57B3F9130C8ED000073D3C /* NSObject+SBJSON.m */ = {isa = PBXFileReference; fileEncoding = 4; lastKnownFileType = sourcecode.c.objc; path = "NSObject+SBJSON.m"; sourceTree = "<group>"; };
		3D57B3FA130C8ED000073D3C /* NSString+SBJSON.h */ = {isa = PBXFileReference; fileEncoding = 4; lastKnownFileType = sourcecode.c.h; path = "NSString+SBJSON.h"; sourceTree = "<group>"; };
		3D57B3FB130C8ED000073D3C /* NSString+SBJSON.m */ = {isa = PBXFileReference; fileEncoding = 4; lastKnownFileType = sourcecode.c.objc; path = "NSString+SBJSON.m"; sourceTree = "<group>"; };
		3D57B3FC130C8ED000073D3C /* SBJSON.h */ = {isa = PBXFileReference; fileEncoding = 4; lastKnownFileType = sourcecode.c.h; path = SBJSON.h; sourceTree = "<group>"; };
		3D57B3FD130C8ED000073D3C /* SBJSON.m */ = {isa = PBXFileReference; fileEncoding = 4; lastKnownFileType = sourcecode.c.objc; path = SBJSON.m; sourceTree = "<group>"; };
		3D57B3FE130C8ED000073D3C /* SBJsonBase.h */ = {isa = PBXFileReference; fileEncoding = 4; lastKnownFileType = sourcecode.c.h; path = SBJsonBase.h; sourceTree = "<group>"; };
		3D57B3FF130C8ED000073D3C /* SBJsonBase.m */ = {isa = PBXFileReference; fileEncoding = 4; lastKnownFileType = sourcecode.c.objc; path = SBJsonBase.m; sourceTree = "<group>"; };
		3D57B400130C8ED000073D3C /* SBJsonParser.h */ = {isa = PBXFileReference; fileEncoding = 4; lastKnownFileType = sourcecode.c.h; path = SBJsonParser.h; sourceTree = "<group>"; };
		3D57B401130C8ED000073D3C /* SBJsonParser.m */ = {isa = PBXFileReference; fileEncoding = 4; lastKnownFileType = sourcecode.c.objc; path = SBJsonParser.m; sourceTree = "<group>"; };
		3D57B402130C8ED000073D3C /* SBJsonWriter.h */ = {isa = PBXFileReference; fileEncoding = 4; lastKnownFileType = sourcecode.c.h; path = SBJsonWriter.h; sourceTree = "<group>"; };
		3D57B403130C8ED000073D3C /* SBJsonWriter.m */ = {isa = PBXFileReference; fileEncoding = 4; lastKnownFileType = sourcecode.c.objc; path = SBJsonWriter.m; sourceTree = "<group>"; };
		3D804A1A131ACAAF00B37E43 /* mapPin_grey.png */ = {isa = PBXFileReference; lastKnownFileType = image.png; path = mapPin_grey.png; sourceTree = "<group>"; };
		3D804A1B131ACAAF00B37E43 /* mapPin_green.png */ = {isa = PBXFileReference; lastKnownFileType = image.png; path = mapPin_green.png; sourceTree = "<group>"; };
		3D804A1C131ACAAF00B37E43 /* mapPin_red.png */ = {isa = PBXFileReference; lastKnownFileType = image.png; path = mapPin_red.png; sourceTree = "<group>"; };
		3DCE95F413145D450005E8F8 /* MapKit.framework */ = {isa = PBXFileReference; lastKnownFileType = wrapper.framework; name = MapKit.framework; path = System/Library/Frameworks/MapKit.framework; sourceTree = SDKROOT; };
		3DCE966613146C9C0005E8F8 /* NMUserAnnotationView.h */ = {isa = PBXFileReference; fileEncoding = 4; lastKnownFileType = sourcecode.c.h; path = NMUserAnnotationView.h; sourceTree = "<group>"; };
		3DCE966713146C9C0005E8F8 /* NMUserAnnotationView.m */ = {isa = PBXFileReference; fileEncoding = 4; lastKnownFileType = sourcecode.c.objc; path = NMUserAnnotationView.m; sourceTree = "<group>"; };
		3DCE967D131470AE0005E8F8 /* NMCurrentUserAnnotationView.h */ = {isa = PBXFileReference; fileEncoding = 4; lastKnownFileType = sourcecode.c.h; path = NMCurrentUserAnnotationView.h; sourceTree = "<group>"; };
		3DCE967E131470AE0005E8F8 /* NMCurrentUserAnnotationView.m */ = {isa = PBXFileReference; fileEncoding = 4; lastKnownFileType = sourcecode.c.objc; path = NMCurrentUserAnnotationView.m; sourceTree = "<group>"; };
		3DE5194C130F3520004353F3 /* NSDateAdditions.h */ = {isa = PBXFileReference; fileEncoding = 4; lastKnownFileType = sourcecode.c.h; path = NSDateAdditions.h; sourceTree = "<group>"; };
		3DE5194D130F3520004353F3 /* NSDateAdditions.m */ = {isa = PBXFileReference; fileEncoding = 4; lastKnownFileType = sourcecode.c.objc; path = NSDateAdditions.m; sourceTree = "<group>"; };
		3DE5194E130F3520004353F3 /* NSDictionaryAdditions.h */ = {isa = PBXFileReference; fileEncoding = 4; lastKnownFileType = sourcecode.c.h; path = NSDictionaryAdditions.h; sourceTree = "<group>"; };
		3DE5194F130F3520004353F3 /* NSDictionaryAdditions.m */ = {isa = PBXFileReference; fileEncoding = 4; lastKnownFileType = sourcecode.c.objc; path = NSDictionaryAdditions.m; sourceTree = "<group>"; };
		3DE51950130F3520004353F3 /* NSStringAdditions.h */ = {isa = PBXFileReference; fileEncoding = 4; lastKnownFileType = sourcecode.c.h; path = NSStringAdditions.h; sourceTree = "<group>"; };
		3DE51951130F3520004353F3 /* NSStringAdditions.m */ = {isa = PBXFileReference; fileEncoding = 4; lastKnownFileType = sourcecode.c.objc; path = NSStringAdditions.m; sourceTree = "<group>"; };
		3DE51952130F3520004353F3 /* NSURL+QueryParameters.h */ = {isa = PBXFileReference; fileEncoding = 4; lastKnownFileType = sourcecode.c.h; path = "NSURL+QueryParameters.h"; sourceTree = "<group>"; };
		3DE51953130F3520004353F3 /* NSURL+QueryParameters.m */ = {isa = PBXFileReference; fileEncoding = 4; lastKnownFileType = sourcecode.c.objc; path = "NSURL+QueryParameters.m"; sourceTree = "<group>"; };
		3DE519AE130F357A004353F3 /* ISO8601DateFormatter.h */ = {isa = PBXFileReference; fileEncoding = 4; lastKnownFileType = sourcecode.c.h; path = ISO8601DateFormatter.h; sourceTree = "<group>"; };
		3DE519AF130F357A004353F3 /* ISO8601DateFormatter.m */ = {isa = PBXFileReference; fileEncoding = 4; lastKnownFileType = sourcecode.c.objc; path = ISO8601DateFormatter.m; sourceTree = "<group>"; };
		3DE519D3130F37D6004353F3 /* ASIHTTPRequest+Signature.h */ = {isa = PBXFileReference; fileEncoding = 4; lastKnownFileType = sourcecode.c.h; path = "ASIHTTPRequest+Signature.h"; sourceTree = "<group>"; };
		3DE519D4130F37D6004353F3 /* ASIHTTPRequest+Signature.m */ = {isa = PBXFileReference; fileEncoding = 4; lastKnownFileType = sourcecode.c.objc; path = "ASIHTTPRequest+Signature.m"; sourceTree = "<group>"; };
		3DE51A37130F3931004353F3 /* NMViewExtension.h */ = {isa = PBXFileReference; fileEncoding = 4; lastKnownFileType = sourcecode.c.h; path = NMViewExtension.h; sourceTree = "<group>"; };
		3DE51A38130F3931004353F3 /* NMViewExtension.m */ = {isa = PBXFileReference; fileEncoding = 4; lastKnownFileType = sourcecode.c.objc; path = NMViewExtension.m; sourceTree = "<group>"; };
		3DE51A39130F3931004353F3 /* NMViewExtension.xib */ = {isa = PBXFileReference; lastKnownFileType = file.xib; path = NMViewExtension.xib; sourceTree = "<group>"; };
		3DE51AD0130F4455004353F3 /* NMGetStatusRequest.h */ = {isa = PBXFileReference; fileEncoding = 4; lastKnownFileType = sourcecode.c.h; path = NMGetStatusRequest.h; sourceTree = "<group>"; };
		3DE51AD1130F4455004353F3 /* NMGetStatusRequest.m */ = {isa = PBXFileReference; fileEncoding = 4; lastKnownFileType = sourcecode.c.objc; path = NMGetStatusRequest.m; sourceTree = "<group>"; };
		3DE51B20130F48B9004353F3 /* CDataScanner.h */ = {isa = PBXFileReference; fileEncoding = 4; lastKnownFileType = sourcecode.c.h; path = CDataScanner.h; sourceTree = "<group>"; };
		3DE51B21130F48B9004353F3 /* CDataScanner.m */ = {isa = PBXFileReference; fileEncoding = 4; lastKnownFileType = sourcecode.c.objc; path = CDataScanner.m; sourceTree = "<group>"; };
		3DE51B23130F48B9004353F3 /* CDataScanner_Extensions.h */ = {isa = PBXFileReference; fileEncoding = 4; lastKnownFileType = sourcecode.c.h; path = CDataScanner_Extensions.h; sourceTree = "<group>"; };
		3DE51B24130F48B9004353F3 /* CDataScanner_Extensions.m */ = {isa = PBXFileReference; fileEncoding = 4; lastKnownFileType = sourcecode.c.objc; path = CDataScanner_Extensions.m; sourceTree = "<group>"; };
		3DE51B25130F48B9004353F3 /* NSCharacterSet_Extensions.h */ = {isa = PBXFileReference; fileEncoding = 4; lastKnownFileType = sourcecode.c.h; path = NSCharacterSet_Extensions.h; sourceTree = "<group>"; };
		3DE51B26130F48B9004353F3 /* NSCharacterSet_Extensions.m */ = {isa = PBXFileReference; fileEncoding = 4; lastKnownFileType = sourcecode.c.objc; path = NSCharacterSet_Extensions.m; sourceTree = "<group>"; };
		3DE51B27130F48B9004353F3 /* NSDictionary_JSONExtensions.h */ = {isa = PBXFileReference; fileEncoding = 4; lastKnownFileType = sourcecode.c.h; path = NSDictionary_JSONExtensions.h; sourceTree = "<group>"; };
		3DE51B28130F48B9004353F3 /* NSDictionary_JSONExtensions.m */ = {isa = PBXFileReference; fileEncoding = 4; lastKnownFileType = sourcecode.c.objc; path = NSDictionary_JSONExtensions.m; sourceTree = "<group>"; };
		3DE51B29130F48B9004353F3 /* NSScanner_Extensions.h */ = {isa = PBXFileReference; fileEncoding = 4; lastKnownFileType = sourcecode.c.h; path = NSScanner_Extensions.h; sourceTree = "<group>"; };
		3DE51B2A130F48B9004353F3 /* NSScanner_Extensions.m */ = {isa = PBXFileReference; fileEncoding = 4; lastKnownFileType = sourcecode.c.objc; path = NSScanner_Extensions.m; sourceTree = "<group>"; };
		3DE51B2C130F48B9004353F3 /* CJSONDataSerializer.h */ = {isa = PBXFileReference; fileEncoding = 4; lastKnownFileType = sourcecode.c.h; path = CJSONDataSerializer.h; sourceTree = "<group>"; };
		3DE51B2D130F48B9004353F3 /* CJSONDataSerializer.m */ = {isa = PBXFileReference; fileEncoding = 4; lastKnownFileType = sourcecode.c.objc; path = CJSONDataSerializer.m; sourceTree = "<group>"; };
		3DE51B2E130F48B9004353F3 /* CJSONDeserializer.h */ = {isa = PBXFileReference; fileEncoding = 4; lastKnownFileType = sourcecode.c.h; path = CJSONDeserializer.h; sourceTree = "<group>"; };
		3DE51B2F130F48B9004353F3 /* CJSONDeserializer.m */ = {isa = PBXFileReference; fileEncoding = 4; lastKnownFileType = sourcecode.c.objc; path = CJSONDeserializer.m; sourceTree = "<group>"; };
		3DE51B30130F48B9004353F3 /* CJSONScanner.h */ = {isa = PBXFileReference; fileEncoding = 4; lastKnownFileType = sourcecode.c.h; path = CJSONScanner.h; sourceTree = "<group>"; };
		3DE51B31130F48B9004353F3 /* CJSONScanner.m */ = {isa = PBXFileReference; fileEncoding = 4; lastKnownFileType = sourcecode.c.objc; path = CJSONScanner.m; sourceTree = "<group>"; };
		3DE51B32130F48B9004353F3 /* CJSONSerializer.h */ = {isa = PBXFileReference; fileEncoding = 4; lastKnownFileType = sourcecode.c.h; path = CJSONSerializer.h; sourceTree = "<group>"; };
		3DE51B33130F48B9004353F3 /* CJSONSerializer.m */ = {isa = PBXFileReference; fileEncoding = 4; lastKnownFileType = sourcecode.c.objc; path = CJSONSerializer.m; sourceTree = "<group>"; };
		3DE51B34130F48B9004353F3 /* CSerializedJSONData.h */ = {isa = PBXFileReference; fileEncoding = 4; lastKnownFileType = sourcecode.c.h; path = CSerializedJSONData.h; sourceTree = "<group>"; };
		3DE51B35130F48B9004353F3 /* CSerializedJSONData.m */ = {isa = PBXFileReference; fileEncoding = 4; lastKnownFileType = sourcecode.c.objc; path = CSerializedJSONData.m; sourceTree = "<group>"; };
		3DE51B7C130F4B06004353F3 /* NMFriendsRequest.h */ = {isa = PBXFileReference; fileEncoding = 4; lastKnownFileType = sourcecode.c.h; path = NMFriendsRequest.h; sourceTree = "<group>"; };
		3DE51B7D130F4B06004353F3 /* NMFriendsRequest.m */ = {isa = PBXFileReference; fileEncoding = 4; lastKnownFileType = sourcecode.c.objc; path = NMFriendsRequest.m; sourceTree = "<group>"; };
		3DE51BEF130F552B004353F3 /* NMUserCell.h */ = {isa = PBXFileReference; fileEncoding = 4; lastKnownFileType = sourcecode.c.h; path = NMUserCell.h; sourceTree = "<group>"; };
		3DE51BF0130F552B004353F3 /* NMUserCell.m */ = {isa = PBXFileReference; fileEncoding = 4; lastKnownFileType = sourcecode.c.objc; path = NMUserCell.m; sourceTree = "<group>"; };
		3DE51BF6130F564F004353F3 /* NMUserCell.xib */ = {isa = PBXFileReference; lastKnownFileType = file.xib; path = NMUserCell.xib; sourceTree = "<group>"; };
		3DEE413713100F590062AF1E /* NMInfoViewController.h */ = {isa = PBXFileReference; fileEncoding = 4; lastKnownFileType = sourcecode.c.h; path = NMInfoViewController.h; sourceTree = "<group>"; };
		3DEE413813100F590062AF1E /* NMInfoViewController.m */ = {isa = PBXFileReference; fileEncoding = 4; lastKnownFileType = sourcecode.c.objc; path = NMInfoViewController.m; sourceTree = "<group>"; };
		3DEE413913100F590062AF1E /* NMInfoViewController.xib */ = {isa = PBXFileReference; lastKnownFileType = file.xib; path = NMInfoViewController.xib; sourceTree = "<group>"; };
		8D1107310486CEB800E47090 /* NinetyMinutes-Info.plist */ = {isa = PBXFileReference; fileEncoding = 4; lastKnownFileType = text.plist.xml; path = "NinetyMinutes-Info.plist"; plistStructureDefinitionIdentifier = "com.apple.xcode.plist.structure-definition.iphone.info-plist"; sourceTree = "<group>"; };
/* End PBXFileReference section */

/* Begin PBXFrameworksBuildPhase section */
		1D60588F0D05DD3D006BFB54 /* Frameworks */ = {
			isa = PBXFrameworksBuildPhase;
			buildActionMask = 2147483647;
			files = (
				3201088596B4756681693705 /* libThree20UICommon.a in Frameworks */,
				320D7DCCE32703ACAB9A45E5 /* libThree20.a in Frameworks */,
				320A737074758E53BA54BE95 /* libThree20UINavigator.a in Frameworks */,
				320A2827FEC940B25BC42C65 /* libThree20Core.a in Frameworks */,
				320F2C48872C2E2C4DF86205 /* libThree20UI.a in Frameworks */,
				320AF8492C47A4D819F7C451 /* QuartzCore.framework in Frameworks */,
				320A5A189C235877202780D5 /* libThree20Network.a in Frameworks */,
				320CC833B8AF0ACFD35E6225 /* libThree20Style.a in Frameworks */,
				1D60589F0D05DD5A006BFB54 /* Foundation.framework in Frameworks */,
				1DF5F4E00D08C38300B7A737 /* UIKit.framework in Frameworks */,
				2892E4100DC94CBA00A64D0F /* CoreGraphics.framework in Frameworks */,
				3D2B0B641306D60E002BD38A /* CFNetwork.framework in Frameworks */,
				3D2B0B681306D61A002BD38A /* SystemConfiguration.framework in Frameworks */,
				3D2B0B6C1306D626002BD38A /* MobileCoreServices.framework in Frameworks */,
				3D2B0B701306D64F002BD38A /* libz.1.2.3.dylib in Frameworks */,
				3D295F9F130DBB8500E81456 /* CoreLocation.framework in Frameworks */,
				3DCE95F513145D450005E8F8 /* MapKit.framework in Frameworks */,
			);
			runOnlyForDeploymentPostprocessing = 0;
		};
/* End PBXFrameworksBuildPhase section */

/* Begin PBXGroup section */
		080E96DDFE201D6D7F000001 /* Classes */ = {
			isa = PBXGroup;
			children = (
				3D2B0C7D1306EEF7002BD38A /* Global.h */,
				3D2B0C7E1306EEF7002BD38A /* Global.m */,
				3D2B0AE81306D17E002BD38A /* Model */,
				3DE51947130F350D004353F3 /* Extensions */,
				3D2B0B901306D818002BD38A /* Services */,
				3D2B0AE71306D17B002BD38A /* Controller */,
			);
			path = Classes;
			sourceTree = "<group>";
		};
		19C28FACFE9D520D11CA2CBB /* Products */ = {
			isa = PBXGroup;
			children = (
				1D6058910D05DD3D006BFB54 /* NinetyMinutes.app */,
			);
			name = Products;
			sourceTree = "<group>";
		};
		29B97314FDCFA39411CA2CEA /* CustomTemplate */ = {
			isa = PBXGroup;
			children = (
				080E96DDFE201D6D7F000001 /* Classes */,
				29B97315FDCFA39411CA2CEA /* Other Sources */,
				29B97317FDCFA39411CA2CEA /* Resources */,
				3D2B0B3F1306D55C002BD38A /* Assets */,
				3D2B0B411306D55C002BD38A /* Libraries */,
				29B97323FDCFA39411CA2CEA /* Frameworks */,
				19C28FACFE9D520D11CA2CBB /* Products */,
				3D295F9E130DBB8500E81456 /* CoreLocation.framework */,
				3DCE95F413145D450005E8F8 /* MapKit.framework */,
			);
			name = CustomTemplate;
			sourceTree = "<group>";
		};
		29B97315FDCFA39411CA2CEA /* Other Sources */ = {
			isa = PBXGroup;
			children = (
				28A0AAE50D9B0CCF005BE974 /* NinetyMinutes_Prefix.pch */,
				29B97316FDCFA39411CA2CEA /* main.m */,
			);
			name = "Other Sources";
			sourceTree = "<group>";
		};
		29B97317FDCFA39411CA2CEA /* Resources */ = {
			isa = PBXGroup;
			children = (
				320B6C86F11D9990244A9730 /* Three20.bundle */,
				8D1107310486CEB800E47090 /* NinetyMinutes-Info.plist */,
			);
			name = Resources;
			sourceTree = "<group>";
		};
		29B97323FDCFA39411CA2CEA /* Frameworks */ = {
			isa = PBXGroup;
			children = (
				3201088596B4756681693700 /* Three20UICommon.xcodeproj */,
				320D7DCCE32703ACAB9A45E0 /* Three20.xcodeproj */,
				320A737074758E53BA54BE90 /* Three20UINavigator.xcodeproj */,
				320A2827FEC940B25BC42C60 /* Three20Core.xcodeproj */,
				320F2C48872C2E2C4DF86200 /* Three20UI.xcodeproj */,
				320AF8492C47A4D819F7C450 /* QuartzCore.framework */,
				320A5A189C235877202780D0 /* Three20Network.xcodeproj */,
				320CC833B8AF0ACFD35E6220 /* Three20Style.xcodeproj */,
				1DF5F4DF0D08C38300B7A737 /* UIKit.framework */,
				1D30AB110D05D00D00671497 /* Foundation.framework */,
				2892E40F0DC94CBA00A64D0F /* CoreGraphics.framework */,
				3D2B0B631306D60E002BD38A /* CFNetwork.framework */,
				3D2B0B671306D61A002BD38A /* SystemConfiguration.framework */,
				3D2B0B6B1306D626002BD38A /* MobileCoreServices.framework */,
				3D2B0B6F1306D64F002BD38A /* libz.1.2.3.dylib */,
			);
			name = Frameworks;
			sourceTree = "<group>";
		};
		3201088596B4756681693703 /* Products */ = {
			isa = PBXGroup;
			children = (
				3201088596B4756681693704 /* libThree20UICommon.a */,
				3DE51870130F2FEA004353F3 /* libThree20UICommon-Xcode3.2.5.a */,
				3DE51872130F2FEA004353F3 /* UICommonUnitTests.octest */,
				3DE51874130F2FEA004353F3 /* UICommonUnitTests-Xcode3.2.5.octest */,
			);
			name = Products;
			sourceTree = "<group>";
		};
		320A2827FEC940B25BC42C63 /* Products */ = {
			isa = PBXGroup;
			children = (
				320A2827FEC940B25BC42C64 /* libThree20Core.a */,
				3DE5184C130F2FEA004353F3 /* libThree20Core-Xcode3.2.5.a */,
				3DE5184E130F2FEA004353F3 /* CoreUnitTests.octest */,
				3DE51850130F2FEA004353F3 /* CoreUnitTests-Xcode3.2.5.octest */,
			);
			name = Products;
			sourceTree = "<group>";
		};
		320A5A189C235877202780D3 /* Products */ = {
			isa = PBXGroup;
			children = (
				320A5A189C235877202780D4 /* libThree20Network.a */,
				3DE51855130F2FEA004353F3 /* libThree20Network-Xcode3.2.5.a */,
				3DE51857130F2FEA004353F3 /* NetworkUnitTests.octest */,
				3DE51859130F2FEA004353F3 /* NetworkUnitTests-Xcode3.2.5.octest */,
			);
			name = Products;
			sourceTree = "<group>";
		};
		320A737074758E53BA54BE93 /* Products */ = {
			isa = PBXGroup;
			children = (
				320A737074758E53BA54BE94 /* libThree20UINavigator.a */,
				3DE51879130F2FEA004353F3 /* libThree20UINavigator-Xcode3.2.5.a */,
				3DE5187B130F2FEA004353F3 /* UINavigatorUnitTests.octest */,
				3DE5187D130F2FEA004353F3 /* UINavigatorUnitTests-Xcode3.2.5.octest */,
			);
			name = Products;
			sourceTree = "<group>";
		};
		320CC833B8AF0ACFD35E6223 /* Products */ = {
			isa = PBXGroup;
			children = (
				320CC833B8AF0ACFD35E6224 /* libThree20Style.a */,
				3DE5185E130F2FEA004353F3 /* libThree20Style-Xcode3.2.5.a */,
				3DE51860130F2FEA004353F3 /* StyleUnitTests.octest */,
				3DE51862130F2FEA004353F3 /* StyleUnitTests-Xcode3.2.5.octest */,
			);
			name = Products;
			sourceTree = "<group>";
		};
		320D7DCCE32703ACAB9A45E3 /* Products */ = {
			isa = PBXGroup;
			children = (
				320D7DCCE32703ACAB9A45E4 /* libThree20.a */,
				3DE51843130F2FEA004353F3 /* libThree20-Xcode3.2.5.a */,
				3DE51845130F2FEA004353F3 /* Three20UnitTests.octest */,
				3DE51847130F2FEA004353F3 /* Three20UnitTests-Xcode3.2.5.octest */,
			);
			name = Products;
			sourceTree = "<group>";
		};
		320F2C48872C2E2C4DF86203 /* Products */ = {
			isa = PBXGroup;
			children = (
				320F2C48872C2E2C4DF86204 /* libThree20UI.a */,
				3DE51867130F2FEA004353F3 /* libThree20UI-Xcode3.2.5.a */,
				3DE51869130F2FEA004353F3 /* UIUnitTests.octest */,
				3DE5186B130F2FEA004353F3 /* UIUnitTests-Xcode3.2.5.octest */,
			);
			name = Products;
			sourceTree = "<group>";
		};
		3D2B0AE71306D17B002BD38A /* Controller */ = {
			isa = PBXGroup;
			children = (
				1D3623240D0F684500981E51 /* NinetyMinutesAppDelegate.h */,
				1D3623250D0F684500981E51 /* NinetyMinutesAppDelegate.m */,
				28AD735F0D9D9599002E5188 /* MainWindow.xib */,
				3D2B0BFD1306DFA7002BD38A /* Login */,
				3D2B0C2D1306E6E2002BD38A /* Root */,
				3D4377761311588500D13DFC /* Friends */,
				3D4F71E3131BD5170081D69A /* User */,
				3DEE413613100F420062AF1E /* Info */,
			);
			name = Controller;
			sourceTree = "<group>";
		};
		3D2B0AE81306D17E002BD38A /* Model */ = {
			isa = PBXGroup;
			children = (
				3D2B0B891306D768002BD38A /* NMUser.h */,
				3D2B0B8A1306D768002BD38A /* NMUser.m */,
				3D295F8F130DBAD600E81456 /* NMStatusUpdate.h */,
				3D295F90130DBAD600E81456 /* NMStatusUpdate.m */,
			);
			name = Model;
			sourceTree = "<group>";
		};
		3D2B0B3F1306D55C002BD38A /* Assets */ = {
			isa = PBXGroup;
			children = (
				3D2B0B401306D55C002BD38A /* Images */,
			);
			path = Assets;
			sourceTree = "<group>";
		};
		3D2B0B401306D55C002BD38A /* Images */ = {
			isa = PBXGroup;
			children = (
				3D804A1A131ACAAF00B37E43 /* mapPin_grey.png */,
				3D804A1B131ACAAF00B37E43 /* mapPin_green.png */,
				3D804A1C131ACAAF00B37E43 /* mapPin_red.png */,
				3D3B0DF913204F6E00025DF7 /* userCell_out.png */,
				3D3B0DFA13204F6E00025DF7 /* userCell_in.png */,
			);
			path = Images;
			sourceTree = "<group>";
		};
		3D2B0B411306D55C002BD38A /* Libraries */ = {
			isa = PBXGroup;
			children = (
				3D2B0B5F1306D5FA002BD38A /* Reachability */,
				3D2B0B421306D5B2002BD38A /* ASIHTTPPRequest */,
				3D57B3EB130C8ED000073D3C /* Facebook */,
				3DE519AD130F357A004353F3 /* ISODateFormatter */,
				3DE51B1F130F48B9004353F3 /* TouchJSON */,
			);
			path = Libraries;
			sourceTree = "<group>";
		};
		3D2B0B421306D5B2002BD38A /* ASIHTTPPRequest */ = {
			isa = PBXGroup;
			children = (
				3D2B0B431306D5B2002BD38A /* ASIAuthenticationDialog.h */,
				3D2B0B441306D5B2002BD38A /* ASIAuthenticationDialog.m */,
				3D2B0B451306D5B2002BD38A /* ASICacheDelegate.h */,
				3D2B0B461306D5B2002BD38A /* ASIDataCompressor.h */,
				3D2B0B471306D5B2002BD38A /* ASIDataCompressor.m */,
				3D2B0B481306D5B2002BD38A /* ASIDataDecompressor.h */,
				3D2B0B491306D5B2002BD38A /* ASIDataDecompressor.m */,
				3D2B0B4A1306D5B2002BD38A /* ASIDownloadCache.h */,
				3D2B0B4B1306D5B2002BD38A /* ASIDownloadCache.m */,
				3D2B0B4C1306D5B2002BD38A /* ASIFormDataRequest.h */,
				3D2B0B4D1306D5B2002BD38A /* ASIFormDataRequest.m */,
				3D2B0B4E1306D5B2002BD38A /* ASIHTTPRequest.h */,
				3D2B0B4F1306D5B2002BD38A /* ASIHTTPRequest.m */,
				3D2B0B501306D5B2002BD38A /* ASIHTTPRequestConfig.h */,
				3D2B0B511306D5B2002BD38A /* ASIHTTPRequestDelegate.h */,
				3D2B0B521306D5B2002BD38A /* ASIInputStream.h */,
				3D2B0B531306D5B2002BD38A /* ASIInputStream.m */,
				3D2B0B541306D5B2002BD38A /* ASINetworkQueue.h */,
				3D2B0B551306D5B2002BD38A /* ASINetworkQueue.m */,
				3D2B0B561306D5B2002BD38A /* ASIProgressDelegate.h */,
			);
			path = ASIHTTPPRequest;
			sourceTree = "<group>";
		};
		3D2B0B5F1306D5FA002BD38A /* Reachability */ = {
			isa = PBXGroup;
			children = (
				3D2B0B601306D5FA002BD38A /* Reachability.h */,
				3D2B0B611306D5FA002BD38A /* Reachability.m */,
			);
			path = Reachability;
			sourceTree = "<group>";
		};
		3D2B0B901306D818002BD38A /* Services */ = {
			isa = PBXGroup;
			children = (
				3D2B0BB21306D99E002BD38A /* NMRequest.h */,
				3D2B0BB31306D99E002BD38A /* NMRequest.m */,
				3D2B0BD21306DB51002BD38A /* NMAuthenticationManager.h */,
				3D2B0BD31306DB51002BD38A /* NMAuthenticationManager.m */,
				3D295FD4130DC52300E81456 /* NMUpdateStatusRequest.h */,
				3D295FD5130DC52300E81456 /* NMUpdateStatusRequest.m */,
				3DE51AD0130F4455004353F3 /* NMGetStatusRequest.h */,
				3DE51AD1130F4455004353F3 /* NMGetStatusRequest.m */,
				3DE51B7C130F4B06004353F3 /* NMFriendsRequest.h */,
				3DE51B7D130F4B06004353F3 /* NMFriendsRequest.m */,
			);
			name = Services;
			sourceTree = "<group>";
		};
		3D2B0BFD1306DFA7002BD38A /* Login */ = {
			isa = PBXGroup;
			children = (
				3D2B0BF81306DFA0002BD38A /* NMLoginViewController.h */,
				3D2B0BF91306DFA0002BD38A /* NMLoginViewController.m */,
				3D2B0BFA1306DFA0002BD38A /* NMLoginViewController.xib */,
			);
			name = Login;
			sourceTree = "<group>";
		};
		3D2B0C2D1306E6E2002BD38A /* Root */ = {
			isa = PBXGroup;
			children = (
				28C286DF0D94DF7D0034E888 /* NMRootViewController.h */,
				28C286E00D94DF7D0034E888 /* NMRootViewController.m */,
				28F335F01007B36200424DE2 /* NMRootViewController.xib */,
			);
			name = Root;
			sourceTree = "<group>";
		};
		3D4377761311588500D13DFC /* Friends */ = {
			isa = PBXGroup;
			children = (
				3D4377771311593600D13DFC /* NMFriendsViewController.h */,
				3D4377781311593600D13DFC /* NMFriendsViewController.m */,
				3D4377791311593600D13DFC /* NMFriendsViewController.xib */,
				3DE51BEF130F552B004353F3 /* NMUserCell.h */,
				3DE51BF0130F552B004353F3 /* NMUserCell.m */,
				3DE51BF6130F564F004353F3 /* NMUserCell.xib */,
				3DCE966613146C9C0005E8F8 /* NMUserAnnotationView.h */,
				3DCE966713146C9C0005E8F8 /* NMUserAnnotationView.m */,
				3DCE967D131470AE0005E8F8 /* NMCurrentUserAnnotationView.h */,
				3DCE967E131470AE0005E8F8 /* NMCurrentUserAnnotationView.m */,
			);
			name = Friends;
			sourceTree = "<group>";
		};
		3D4F71E3131BD5170081D69A /* User */ = {
			isa = PBXGroup;
			children = (
				3D4F71E7131BD54A0081D69A /* NMUserViewController.h */,
				3D4F71E8131BD54A0081D69A /* NMUserViewController.m */,
				3D4F71E9131BD54A0081D69A /* NMUserViewController.xib */,
			);
			name = User;
			sourceTree = "<group>";
		};
		3D57B3EB130C8ED000073D3C /* Facebook */ = {
			isa = PBXGroup;
			children = (
				3D57B3EC130C8ED000073D3C /* Facebook.h */,
				3D57B3ED130C8ED000073D3C /* Facebook.m */,
				3D57B3EE130C8ED000073D3C /* FBConnect.h */,
				3D57B3EF130C8ED000073D3C /* FBDialog.bundle */,
				3D57B3F0130C8ED000073D3C /* FBDialog.h */,
				3D57B3F1130C8ED000073D3C /* FBDialog.m */,
				3D57B3F2130C8ED000073D3C /* FBLoginDialog.h */,
				3D57B3F3130C8ED000073D3C /* FBLoginDialog.m */,
				3D57B3F4130C8ED000073D3C /* FBRequest.h */,
				3D57B3F5130C8ED000073D3C /* FBRequest.m */,
				3D57B3F6130C8ED000073D3C /* JSON */,
			);
			path = Facebook;
			sourceTree = "<group>";
		};
		3D57B3F6130C8ED000073D3C /* JSON */ = {
			isa = PBXGroup;
			children = (
				3D57B3F7130C8ED000073D3C /* JSON.h */,
				3D57B3F8130C8ED000073D3C /* NSObject+SBJSON.h */,
				3D57B3F9130C8ED000073D3C /* NSObject+SBJSON.m */,
				3D57B3FA130C8ED000073D3C /* NSString+SBJSON.h */,
				3D57B3FB130C8ED000073D3C /* NSString+SBJSON.m */,
				3D57B3FC130C8ED000073D3C /* SBJSON.h */,
				3D57B3FD130C8ED000073D3C /* SBJSON.m */,
				3D57B3FE130C8ED000073D3C /* SBJsonBase.h */,
				3D57B3FF130C8ED000073D3C /* SBJsonBase.m */,
				3D57B400130C8ED000073D3C /* SBJsonParser.h */,
				3D57B401130C8ED000073D3C /* SBJsonParser.m */,
				3D57B402130C8ED000073D3C /* SBJsonWriter.h */,
				3D57B403130C8ED000073D3C /* SBJsonWriter.m */,
			);
			path = JSON;
			sourceTree = "<group>";
		};
		3DE51947130F350D004353F3 /* Extensions */ = {
			isa = PBXGroup;
			children = (
				3DE519D3130F37D6004353F3 /* ASIHTTPRequest+Signature.h */,
				3DE519D4130F37D6004353F3 /* ASIHTTPRequest+Signature.m */,
				3DE5194C130F3520004353F3 /* NSDateAdditions.h */,
				3DE5194D130F3520004353F3 /* NSDateAdditions.m */,
				3DE5194E130F3520004353F3 /* NSDictionaryAdditions.h */,
				3DE5194F130F3520004353F3 /* NSDictionaryAdditions.m */,
				3DE51950130F3520004353F3 /* NSStringAdditions.h */,
				3DE51951130F3520004353F3 /* NSStringAdditions.m */,
				3DE51952130F3520004353F3 /* NSURL+QueryParameters.h */,
				3DE51953130F3520004353F3 /* NSURL+QueryParameters.m */,
				3DE51A37130F3931004353F3 /* NMViewExtension.h */,
				3DE51A38130F3931004353F3 /* NMViewExtension.m */,
				3DE51A39130F3931004353F3 /* NMViewExtension.xib */,
			);
			name = Extensions;
			sourceTree = "<group>";
		};
		3DE519AD130F357A004353F3 /* ISODateFormatter */ = {
			isa = PBXGroup;
			children = (
				3DE519AE130F357A004353F3 /* ISO8601DateFormatter.h */,
				3DE519AF130F357A004353F3 /* ISO8601DateFormatter.m */,
			);
			path = ISODateFormatter;
			sourceTree = "<group>";
		};
		3DE51B1F130F48B9004353F3 /* TouchJSON */ = {
			isa = PBXGroup;
			children = (
				3DE51B20130F48B9004353F3 /* CDataScanner.h */,
				3DE51B21130F48B9004353F3 /* CDataScanner.m */,
				3DE51B22130F48B9004353F3 /* Extensions */,
				3DE51B2B130F48B9004353F3 /* JSON */,
			);
			path = TouchJSON;
			sourceTree = "<group>";
		};
		3DE51B22130F48B9004353F3 /* Extensions */ = {
			isa = PBXGroup;
			children = (
				3DE51B23130F48B9004353F3 /* CDataScanner_Extensions.h */,
				3DE51B24130F48B9004353F3 /* CDataScanner_Extensions.m */,
				3DE51B25130F48B9004353F3 /* NSCharacterSet_Extensions.h */,
				3DE51B26130F48B9004353F3 /* NSCharacterSet_Extensions.m */,
				3DE51B27130F48B9004353F3 /* NSDictionary_JSONExtensions.h */,
				3DE51B28130F48B9004353F3 /* NSDictionary_JSONExtensions.m */,
				3DE51B29130F48B9004353F3 /* NSScanner_Extensions.h */,
				3DE51B2A130F48B9004353F3 /* NSScanner_Extensions.m */,
			);
			path = Extensions;
			sourceTree = "<group>";
		};
		3DE51B2B130F48B9004353F3 /* JSON */ = {
			isa = PBXGroup;
			children = (
				3DE51B2C130F48B9004353F3 /* CJSONDataSerializer.h */,
				3DE51B2D130F48B9004353F3 /* CJSONDataSerializer.m */,
				3DE51B2E130F48B9004353F3 /* CJSONDeserializer.h */,
				3DE51B2F130F48B9004353F3 /* CJSONDeserializer.m */,
				3DE51B30130F48B9004353F3 /* CJSONScanner.h */,
				3DE51B31130F48B9004353F3 /* CJSONScanner.m */,
				3DE51B32130F48B9004353F3 /* CJSONSerializer.h */,
				3DE51B33130F48B9004353F3 /* CJSONSerializer.m */,
				3DE51B34130F48B9004353F3 /* CSerializedJSONData.h */,
				3DE51B35130F48B9004353F3 /* CSerializedJSONData.m */,
			);
			path = JSON;
			sourceTree = "<group>";
		};
		3DEE413613100F420062AF1E /* Info */ = {
			isa = PBXGroup;
			children = (
				3DEE413713100F590062AF1E /* NMInfoViewController.h */,
				3DEE413813100F590062AF1E /* NMInfoViewController.m */,
				3DEE413913100F590062AF1E /* NMInfoViewController.xib */,
			);
			name = Info;
			sourceTree = "<group>";
		};
/* End PBXGroup section */

/* Begin PBXNativeTarget section */
		1D6058900D05DD3D006BFB54 /* NinetyMinutes */ = {
			isa = PBXNativeTarget;
			buildConfigurationList = 1D6058960D05DD3E006BFB54 /* Build configuration list for PBXNativeTarget "NinetyMinutes" */;
			buildPhases = (
				1D60588D0D05DD3D006BFB54 /* Resources */,
				1D60588E0D05DD3D006BFB54 /* Sources */,
				1D60588F0D05DD3D006BFB54 /* Frameworks */,
			);
			buildRules = (
			);
			dependencies = (
				3201088596B4756681693701 /* PBXTargetDependency */,
				320D7DCCE32703ACAB9A45E1 /* PBXTargetDependency */,
				320A737074758E53BA54BE91 /* PBXTargetDependency */,
				320A2827FEC940B25BC42C61 /* PBXTargetDependency */,
				320F2C48872C2E2C4DF86201 /* PBXTargetDependency */,
				320A5A189C235877202780D1 /* PBXTargetDependency */,
				320CC833B8AF0ACFD35E6221 /* PBXTargetDependency */,
			);
			name = NinetyMinutes;
			productName = NinetyMinutes;
			productReference = 1D6058910D05DD3D006BFB54 /* NinetyMinutes.app */;
			productType = "com.apple.product-type.application";
		};
/* End PBXNativeTarget section */

/* Begin PBXProject section */
		29B97313FDCFA39411CA2CEA /* Project object */ = {
			isa = PBXProject;
			attributes = {
				ORGANIZATIONNAME = "Nebil Kriedi";
			};
			buildConfigurationList = C01FCF4E08A954540054247B /* Build configuration list for PBXProject "NinetyMinutes" */;
			compatibilityVersion = "Xcode 3.1";
			developmentRegion = English;
			hasScannedForEncodings = 1;
			knownRegions = (
				English,
				Japanese,
				French,
				German,
				en,
			);
			mainGroup = 29B97314FDCFA39411CA2CEA /* CustomTemplate */;
			projectDirPath = "";
			projectReferences = (
				{
					ProductGroup = 320D7DCCE32703ACAB9A45E3 /* Products */;
					ProjectRef = 320D7DCCE32703ACAB9A45E0 /* Three20.xcodeproj */;
				},
				{
					ProductGroup = 320A2827FEC940B25BC42C63 /* Products */;
					ProjectRef = 320A2827FEC940B25BC42C60 /* Three20Core.xcodeproj */;
				},
				{
					ProductGroup = 320A5A189C235877202780D3 /* Products */;
					ProjectRef = 320A5A189C235877202780D0 /* Three20Network.xcodeproj */;
				},
				{
					ProductGroup = 320CC833B8AF0ACFD35E6223 /* Products */;
					ProjectRef = 320CC833B8AF0ACFD35E6220 /* Three20Style.xcodeproj */;
				},
				{
					ProductGroup = 320F2C48872C2E2C4DF86203 /* Products */;
					ProjectRef = 320F2C48872C2E2C4DF86200 /* Three20UI.xcodeproj */;
				},
				{
					ProductGroup = 3201088596B4756681693703 /* Products */;
					ProjectRef = 3201088596B4756681693700 /* Three20UICommon.xcodeproj */;
				},
				{
					ProductGroup = 320A737074758E53BA54BE93 /* Products */;
					ProjectRef = 320A737074758E53BA54BE90 /* Three20UINavigator.xcodeproj */;
				},
			);
			projectRoot = "";
			targets = (
				1D6058900D05DD3D006BFB54 /* NinetyMinutes */,
			);
		};
/* End PBXProject section */

/* Begin PBXReferenceProxy section */
		3201088596B4756681693704 /* libThree20UICommon.a */ = {
			isa = PBXReferenceProxy;
			fileType = archive.ar;
			path = libThree20UICommon.a;
			remoteRef = 3201088596B4756681693706 /* PBXContainerItemProxy */;
			sourceTree = BUILT_PRODUCTS_DIR;
		};
		320A2827FEC940B25BC42C64 /* libThree20Core.a */ = {
			isa = PBXReferenceProxy;
			fileType = archive.ar;
			path = libThree20Core.a;
			remoteRef = 320A2827FEC940B25BC42C66 /* PBXContainerItemProxy */;
			sourceTree = BUILT_PRODUCTS_DIR;
		};
		320A5A189C235877202780D4 /* libThree20Network.a */ = {
			isa = PBXReferenceProxy;
			fileType = archive.ar;
			path = libThree20Network.a;
			remoteRef = 320A5A189C235877202780D6 /* PBXContainerItemProxy */;
			sourceTree = BUILT_PRODUCTS_DIR;
		};
		320A737074758E53BA54BE94 /* libThree20UINavigator.a */ = {
			isa = PBXReferenceProxy;
			fileType = archive.ar;
			path = libThree20UINavigator.a;
			remoteRef = 320A737074758E53BA54BE96 /* PBXContainerItemProxy */;
			sourceTree = BUILT_PRODUCTS_DIR;
		};
		320CC833B8AF0ACFD35E6224 /* libThree20Style.a */ = {
			isa = PBXReferenceProxy;
			fileType = archive.ar;
			path = libThree20Style.a;
			remoteRef = 320CC833B8AF0ACFD35E6226 /* PBXContainerItemProxy */;
			sourceTree = BUILT_PRODUCTS_DIR;
		};
		320D7DCCE32703ACAB9A45E4 /* libThree20.a */ = {
			isa = PBXReferenceProxy;
			fileType = archive.ar;
			path = libThree20.a;
			remoteRef = 320D7DCCE32703ACAB9A45E6 /* PBXContainerItemProxy */;
			sourceTree = BUILT_PRODUCTS_DIR;
		};
		320F2C48872C2E2C4DF86204 /* libThree20UI.a */ = {
			isa = PBXReferenceProxy;
			fileType = archive.ar;
			path = libThree20UI.a;
			remoteRef = 320F2C48872C2E2C4DF86206 /* PBXContainerItemProxy */;
			sourceTree = BUILT_PRODUCTS_DIR;
		};
		3DE51843130F2FEA004353F3 /* libThree20-Xcode3.2.5.a */ = {
			isa = PBXReferenceProxy;
			fileType = archive.ar;
			path = "libThree20-Xcode3.2.5.a";
			remoteRef = 3DE51842130F2FEA004353F3 /* PBXContainerItemProxy */;
			sourceTree = BUILT_PRODUCTS_DIR;
		};
		3DE51845130F2FEA004353F3 /* Three20UnitTests.octest */ = {
			isa = PBXReferenceProxy;
			fileType = wrapper.cfbundle;
			path = Three20UnitTests.octest;
			remoteRef = 3DE51844130F2FEA004353F3 /* PBXContainerItemProxy */;
			sourceTree = BUILT_PRODUCTS_DIR;
		};
		3DE51847130F2FEA004353F3 /* Three20UnitTests-Xcode3.2.5.octest */ = {
			isa = PBXReferenceProxy;
			fileType = wrapper.cfbundle;
			path = "Three20UnitTests-Xcode3.2.5.octest";
			remoteRef = 3DE51846130F2FEA004353F3 /* PBXContainerItemProxy */;
			sourceTree = BUILT_PRODUCTS_DIR;
		};
		3DE5184C130F2FEA004353F3 /* libThree20Core-Xcode3.2.5.a */ = {
			isa = PBXReferenceProxy;
			fileType = archive.ar;
			path = "libThree20Core-Xcode3.2.5.a";
			remoteRef = 3DE5184B130F2FEA004353F3 /* PBXContainerItemProxy */;
			sourceTree = BUILT_PRODUCTS_DIR;
		};
		3DE5184E130F2FEA004353F3 /* CoreUnitTests.octest */ = {
			isa = PBXReferenceProxy;
			fileType = wrapper.cfbundle;
			path = CoreUnitTests.octest;
			remoteRef = 3DE5184D130F2FEA004353F3 /* PBXContainerItemProxy */;
			sourceTree = BUILT_PRODUCTS_DIR;
		};
		3DE51850130F2FEA004353F3 /* CoreUnitTests-Xcode3.2.5.octest */ = {
			isa = PBXReferenceProxy;
			fileType = wrapper.cfbundle;
			path = "CoreUnitTests-Xcode3.2.5.octest";
			remoteRef = 3DE5184F130F2FEA004353F3 /* PBXContainerItemProxy */;
			sourceTree = BUILT_PRODUCTS_DIR;
		};
		3DE51855130F2FEA004353F3 /* libThree20Network-Xcode3.2.5.a */ = {
			isa = PBXReferenceProxy;
			fileType = archive.ar;
			path = "libThree20Network-Xcode3.2.5.a";
			remoteRef = 3DE51854130F2FEA004353F3 /* PBXContainerItemProxy */;
			sourceTree = BUILT_PRODUCTS_DIR;
		};
		3DE51857130F2FEA004353F3 /* NetworkUnitTests.octest */ = {
			isa = PBXReferenceProxy;
			fileType = wrapper.cfbundle;
			path = NetworkUnitTests.octest;
			remoteRef = 3DE51856130F2FEA004353F3 /* PBXContainerItemProxy */;
			sourceTree = BUILT_PRODUCTS_DIR;
		};
		3DE51859130F2FEA004353F3 /* NetworkUnitTests-Xcode3.2.5.octest */ = {
			isa = PBXReferenceProxy;
			fileType = wrapper.cfbundle;
			path = "NetworkUnitTests-Xcode3.2.5.octest";
			remoteRef = 3DE51858130F2FEA004353F3 /* PBXContainerItemProxy */;
			sourceTree = BUILT_PRODUCTS_DIR;
		};
		3DE5185E130F2FEA004353F3 /* libThree20Style-Xcode3.2.5.a */ = {
			isa = PBXReferenceProxy;
			fileType = archive.ar;
			path = "libThree20Style-Xcode3.2.5.a";
			remoteRef = 3DE5185D130F2FEA004353F3 /* PBXContainerItemProxy */;
			sourceTree = BUILT_PRODUCTS_DIR;
		};
		3DE51860130F2FEA004353F3 /* StyleUnitTests.octest */ = {
			isa = PBXReferenceProxy;
			fileType = wrapper.cfbundle;
			path = StyleUnitTests.octest;
			remoteRef = 3DE5185F130F2FEA004353F3 /* PBXContainerItemProxy */;
			sourceTree = BUILT_PRODUCTS_DIR;
		};
		3DE51862130F2FEA004353F3 /* StyleUnitTests-Xcode3.2.5.octest */ = {
			isa = PBXReferenceProxy;
			fileType = wrapper.cfbundle;
			path = "StyleUnitTests-Xcode3.2.5.octest";
			remoteRef = 3DE51861130F2FEA004353F3 /* PBXContainerItemProxy */;
			sourceTree = BUILT_PRODUCTS_DIR;
		};
		3DE51867130F2FEA004353F3 /* libThree20UI-Xcode3.2.5.a */ = {
			isa = PBXReferenceProxy;
			fileType = archive.ar;
			path = "libThree20UI-Xcode3.2.5.a";
			remoteRef = 3DE51866130F2FEA004353F3 /* PBXContainerItemProxy */;
			sourceTree = BUILT_PRODUCTS_DIR;
		};
		3DE51869130F2FEA004353F3 /* UIUnitTests.octest */ = {
			isa = PBXReferenceProxy;
			fileType = wrapper.cfbundle;
			path = UIUnitTests.octest;
			remoteRef = 3DE51868130F2FEA004353F3 /* PBXContainerItemProxy */;
			sourceTree = BUILT_PRODUCTS_DIR;
		};
		3DE5186B130F2FEA004353F3 /* UIUnitTests-Xcode3.2.5.octest */ = {
			isa = PBXReferenceProxy;
			fileType = wrapper.cfbundle;
			path = "UIUnitTests-Xcode3.2.5.octest";
			remoteRef = 3DE5186A130F2FEA004353F3 /* PBXContainerItemProxy */;
			sourceTree = BUILT_PRODUCTS_DIR;
		};
		3DE51870130F2FEA004353F3 /* libThree20UICommon-Xcode3.2.5.a */ = {
			isa = PBXReferenceProxy;
			fileType = archive.ar;
			path = "libThree20UICommon-Xcode3.2.5.a";
			remoteRef = 3DE5186F130F2FEA004353F3 /* PBXContainerItemProxy */;
			sourceTree = BUILT_PRODUCTS_DIR;
		};
		3DE51872130F2FEA004353F3 /* UICommonUnitTests.octest */ = {
			isa = PBXReferenceProxy;
			fileType = wrapper.cfbundle;
			path = UICommonUnitTests.octest;
			remoteRef = 3DE51871130F2FEA004353F3 /* PBXContainerItemProxy */;
			sourceTree = BUILT_PRODUCTS_DIR;
		};
		3DE51874130F2FEA004353F3 /* UICommonUnitTests-Xcode3.2.5.octest */ = {
			isa = PBXReferenceProxy;
			fileType = wrapper.cfbundle;
			path = "UICommonUnitTests-Xcode3.2.5.octest";
			remoteRef = 3DE51873130F2FEA004353F3 /* PBXContainerItemProxy */;
			sourceTree = BUILT_PRODUCTS_DIR;
		};
		3DE51879130F2FEA004353F3 /* libThree20UINavigator-Xcode3.2.5.a */ = {
			isa = PBXReferenceProxy;
			fileType = archive.ar;
			path = "libThree20UINavigator-Xcode3.2.5.a";
			remoteRef = 3DE51878130F2FEA004353F3 /* PBXContainerItemProxy */;
			sourceTree = BUILT_PRODUCTS_DIR;
		};
		3DE5187B130F2FEA004353F3 /* UINavigatorUnitTests.octest */ = {
			isa = PBXReferenceProxy;
			fileType = wrapper.cfbundle;
			path = UINavigatorUnitTests.octest;
			remoteRef = 3DE5187A130F2FEA004353F3 /* PBXContainerItemProxy */;
			sourceTree = BUILT_PRODUCTS_DIR;
		};
		3DE5187D130F2FEA004353F3 /* UINavigatorUnitTests-Xcode3.2.5.octest */ = {
			isa = PBXReferenceProxy;
			fileType = wrapper.cfbundle;
			path = "UINavigatorUnitTests-Xcode3.2.5.octest";
			remoteRef = 3DE5187C130F2FEA004353F3 /* PBXContainerItemProxy */;
			sourceTree = BUILT_PRODUCTS_DIR;
		};
/* End PBXReferenceProxy section */

/* Begin PBXResourcesBuildPhase section */
		1D60588D0D05DD3D006BFB54 /* Resources */ = {
			isa = PBXResourcesBuildPhase;
			buildActionMask = 2147483647;
			files = (
				320B6C86F11D9990244A9731 /* Three20.bundle in Resources */,
				28AD73600D9D9599002E5188 /* MainWindow.xib in Resources */,
				28F335F11007B36200424DE2 /* NMRootViewController.xib in Resources */,
				3D2B0BFC1306DFA0002BD38A /* NMLoginViewController.xib in Resources */,
				3D57B405130C8ED000073D3C /* FBDialog.bundle in Resources */,
				3DE51A3B130F3931004353F3 /* NMViewExtension.xib in Resources */,
				3DE51BF7130F564F004353F3 /* NMUserCell.xib in Resources */,
				3DEE413B13100F590062AF1E /* NMInfoViewController.xib in Resources */,
				3D43777B1311593600D13DFC /* NMFriendsViewController.xib in Resources */,
				3D804A1D131ACAAF00B37E43 /* mapPin_grey.png in Resources */,
				3D804A1E131ACAAF00B37E43 /* mapPin_green.png in Resources */,
				3D804A1F131ACAAF00B37E43 /* mapPin_red.png in Resources */,
				3D4F71EB131BD54A0081D69A /* NMUserViewController.xib in Resources */,
				3D3B0DFB13204F6E00025DF7 /* userCell_out.png in Resources */,
				3D3B0DFC13204F6E00025DF7 /* userCell_in.png in Resources */,
			);
			runOnlyForDeploymentPostprocessing = 0;
		};
/* End PBXResourcesBuildPhase section */

/* Begin PBXSourcesBuildPhase section */
		1D60588E0D05DD3D006BFB54 /* Sources */ = {
			isa = PBXSourcesBuildPhase;
			buildActionMask = 2147483647;
			files = (
				1D60589B0D05DD56006BFB54 /* main.m in Sources */,
				1D3623260D0F684500981E51 /* NinetyMinutesAppDelegate.m in Sources */,
				28C286E10D94DF7D0034E888 /* NMRootViewController.m in Sources */,
				3D2B0B571306D5B2002BD38A /* ASIAuthenticationDialog.m in Sources */,
				3D2B0B581306D5B2002BD38A /* ASIDataCompressor.m in Sources */,
				3D2B0B591306D5B2002BD38A /* ASIDataDecompressor.m in Sources */,
				3D2B0B5A1306D5B2002BD38A /* ASIDownloadCache.m in Sources */,
				3D2B0B5B1306D5B2002BD38A /* ASIFormDataRequest.m in Sources */,
				3D2B0B5C1306D5B2002BD38A /* ASIHTTPRequest.m in Sources */,
				3D2B0B5D1306D5B2002BD38A /* ASIInputStream.m in Sources */,
				3D2B0B5E1306D5B2002BD38A /* ASINetworkQueue.m in Sources */,
				3D2B0B621306D5FA002BD38A /* Reachability.m in Sources */,
				3D2B0B8B1306D768002BD38A /* NMUser.m in Sources */,
				3D2B0BB41306D99E002BD38A /* NMRequest.m in Sources */,
				3D2B0BD41306DB51002BD38A /* NMAuthenticationManager.m in Sources */,
				3D2B0BFB1306DFA0002BD38A /* NMLoginViewController.m in Sources */,
				3D2B0C7F1306EEF7002BD38A /* Global.m in Sources */,
				3D57B404130C8ED000073D3C /* Facebook.m in Sources */,
				3D57B406130C8ED000073D3C /* FBDialog.m in Sources */,
				3D57B407130C8ED000073D3C /* FBLoginDialog.m in Sources */,
				3D57B408130C8ED000073D3C /* FBRequest.m in Sources */,
				3D57B409130C8ED000073D3C /* NSObject+SBJSON.m in Sources */,
				3D57B40A130C8ED000073D3C /* NSString+SBJSON.m in Sources */,
				3D57B40B130C8ED000073D3C /* SBJSON.m in Sources */,
				3D57B40C130C8ED000073D3C /* SBJsonBase.m in Sources */,
				3D57B40D130C8ED000073D3C /* SBJsonParser.m in Sources */,
				3D57B40E130C8ED000073D3C /* SBJsonWriter.m in Sources */,
				3D295F91130DBAD600E81456 /* NMStatusUpdate.m in Sources */,
				3D295FD6130DC52300E81456 /* NMUpdateStatusRequest.m in Sources */,
				3DE51954130F3520004353F3 /* NSDateAdditions.m in Sources */,
				3DE51955130F3520004353F3 /* NSDictionaryAdditions.m in Sources */,
				3DE51956130F3520004353F3 /* NSStringAdditions.m in Sources */,
				3DE51957130F3520004353F3 /* NSURL+QueryParameters.m in Sources */,
				3DE519B0130F357A004353F3 /* ISO8601DateFormatter.m in Sources */,
				3DE519D5130F37D6004353F3 /* ASIHTTPRequest+Signature.m in Sources */,
				3DE51A3A130F3931004353F3 /* NMViewExtension.m in Sources */,
				3DE51AD2130F4455004353F3 /* NMGetStatusRequest.m in Sources */,
				3DE51B36130F48B9004353F3 /* CDataScanner.m in Sources */,
				3DE51B37130F48B9004353F3 /* CDataScanner_Extensions.m in Sources */,
				3DE51B38130F48B9004353F3 /* NSCharacterSet_Extensions.m in Sources */,
				3DE51B39130F48B9004353F3 /* NSDictionary_JSONExtensions.m in Sources */,
				3DE51B3A130F48B9004353F3 /* NSScanner_Extensions.m in Sources */,
				3DE51B3B130F48B9004353F3 /* CJSONDataSerializer.m in Sources */,
				3DE51B3C130F48B9004353F3 /* CJSONDeserializer.m in Sources */,
				3DE51B3D130F48B9004353F3 /* CJSONScanner.m in Sources */,
				3DE51B3E130F48B9004353F3 /* CJSONSerializer.m in Sources */,
				3DE51B3F130F48B9004353F3 /* CSerializedJSONData.m in Sources */,
				3DE51B7E130F4B06004353F3 /* NMFriendsRequest.m in Sources */,
				3DE51BF1130F552B004353F3 /* NMUserCell.m in Sources */,
				3DEE413A13100F590062AF1E /* NMInfoViewController.m in Sources */,
				3D43777A1311593600D13DFC /* NMFriendsViewController.m in Sources */,
				3DCE966813146C9C0005E8F8 /* NMUserAnnotationView.m in Sources */,
				3DCE967F131470AE0005E8F8 /* NMCurrentUserAnnotationView.m in Sources */,
				3D4F71EA131BD54A0081D69A /* NMUserViewController.m in Sources */,
			);
			runOnlyForDeploymentPostprocessing = 0;
		};
/* End PBXSourcesBuildPhase section */

/* Begin PBXTargetDependency section */
		3201088596B4756681693701 /* PBXTargetDependency */ = {
			isa = PBXTargetDependency;
			name = Three20UICommon;
			targetProxy = 3201088596B4756681693702 /* PBXContainerItemProxy */;
		};
		320A2827FEC940B25BC42C61 /* PBXTargetDependency */ = {
			isa = PBXTargetDependency;
			name = Three20Core;
			targetProxy = 320A2827FEC940B25BC42C62 /* PBXContainerItemProxy */;
		};
		320A5A189C235877202780D1 /* PBXTargetDependency */ = {
			isa = PBXTargetDependency;
			name = Three20Network;
			targetProxy = 320A5A189C235877202780D2 /* PBXContainerItemProxy */;
		};
		320A737074758E53BA54BE91 /* PBXTargetDependency */ = {
			isa = PBXTargetDependency;
			name = Three20UINavigator;
			targetProxy = 320A737074758E53BA54BE92 /* PBXContainerItemProxy */;
		};
		320CC833B8AF0ACFD35E6221 /* PBXTargetDependency */ = {
			isa = PBXTargetDependency;
			name = Three20Style;
			targetProxy = 320CC833B8AF0ACFD35E6222 /* PBXContainerItemProxy */;
		};
		320D7DCCE32703ACAB9A45E1 /* PBXTargetDependency */ = {
			isa = PBXTargetDependency;
			name = Three20;
			targetProxy = 320D7DCCE32703ACAB9A45E2 /* PBXContainerItemProxy */;
		};
		320F2C48872C2E2C4DF86201 /* PBXTargetDependency */ = {
			isa = PBXTargetDependency;
			name = Three20UI;
			targetProxy = 320F2C48872C2E2C4DF86202 /* PBXContainerItemProxy */;
		};
/* End PBXTargetDependency section */

/* Begin XCBuildConfiguration section */
		1D6058940D05DD3E006BFB54 /* Debug */ = {
			isa = XCBuildConfiguration;
			buildSettings = {
				ALWAYS_SEARCH_USER_PATHS = NO;
				COPY_PHASE_STRIP = NO;
				GCC_DYNAMIC_NO_PIC = NO;
				GCC_OPTIMIZATION_LEVEL = 0;
				GCC_PRECOMPILE_PREFIX_HEADER = YES;
				GCC_PREFIX_HEADER = NinetyMinutes_Prefix.pch;
				HEADER_SEARCH_PATHS = Libraries/Three20/Build/Products/three20;
				INFOPLIST_FILE = "NinetyMinutes-Info.plist";
				OTHER_LDFLAGS = (
					"-force_load",
					"Libraries/Three20/Build/Products/$(CONFIGURATION)$(EFFECTIVE_PLATFORM_NAME)/libThree20UICommon.a",
					"-force_load",
					"Libraries/Three20/Build/Products/$(CONFIGURATION)$(EFFECTIVE_PLATFORM_NAME)/libThree20.a",
					"-force_load",
					"Libraries/Three20/Build/Products/$(CONFIGURATION)$(EFFECTIVE_PLATFORM_NAME)/libThree20UINavigator.a",
					"-force_load",
					"Libraries/Three20/Build/Products/$(CONFIGURATION)$(EFFECTIVE_PLATFORM_NAME)/libThree20Core.a",
					"-force_load",
					"Libraries/Three20/Build/Products/$(CONFIGURATION)$(EFFECTIVE_PLATFORM_NAME)/libThree20UI.a",
					"-force_load",
					"Libraries/Three20/Build/Products/$(CONFIGURATION)$(EFFECTIVE_PLATFORM_NAME)/libThree20Network.a",
					"-force_load",
					"Libraries/Three20/Build/Products/$(CONFIGURATION)$(EFFECTIVE_PLATFORM_NAME)/libThree20Style.a",
				);
				PRODUCT_NAME = NinetyMinutes;
			};
			name = Debug;
		};
		1D6058950D05DD3E006BFB54 /* Release */ = {
			isa = XCBuildConfiguration;
			buildSettings = {
				ALWAYS_SEARCH_USER_PATHS = NO;
				COPY_PHASE_STRIP = YES;
				GCC_PRECOMPILE_PREFIX_HEADER = YES;
				GCC_PREFIX_HEADER = NinetyMinutes_Prefix.pch;
				HEADER_SEARCH_PATHS = Libraries/Three20/Build/Products/three20;
				INFOPLIST_FILE = "NinetyMinutes-Info.plist";
				OTHER_LDFLAGS = (
					"-force_load",
					"Libraries/Three20/Build/Products/$(CONFIGURATION)$(EFFECTIVE_PLATFORM_NAME)/libThree20UICommon.a",
					"-force_load",
					"Libraries/Three20/Build/Products/$(CONFIGURATION)$(EFFECTIVE_PLATFORM_NAME)/libThree20.a",
					"-force_load",
					"Libraries/Three20/Build/Products/$(CONFIGURATION)$(EFFECTIVE_PLATFORM_NAME)/libThree20UINavigator.a",
					"-force_load",
					"Libraries/Three20/Build/Products/$(CONFIGURATION)$(EFFECTIVE_PLATFORM_NAME)/libThree20Core.a",
					"-force_load",
					"Libraries/Three20/Build/Products/$(CONFIGURATION)$(EFFECTIVE_PLATFORM_NAME)/libThree20UI.a",
					"-force_load",
					"Libraries/Three20/Build/Products/$(CONFIGURATION)$(EFFECTIVE_PLATFORM_NAME)/libThree20Network.a",
					"-force_load",
					"Libraries/Three20/Build/Products/$(CONFIGURATION)$(EFFECTIVE_PLATFORM_NAME)/libThree20Style.a",
				);
				PRODUCT_NAME = NinetyMinutes;
				VALIDATE_PRODUCT = YES;
			};
			name = Release;
		};
		3D4F728E131BE6270081D69A /* Distribuition */ = {
			isa = XCBuildConfiguration;
			buildSettings = {
				ARCHS = "$(ARCHS_STANDARD_32_BIT)";
				"CODE_SIGN_IDENTITY[sdk=iphoneos*]" = "iPhone Distribution";
				GCC_C_LANGUAGE_STANDARD = c99;
				GCC_WARN_ABOUT_RETURN_TYPE = YES;
				GCC_WARN_UNUSED_VARIABLE = YES;
				OTHER_CFLAGS = "-DNS_BLOCK_ASSERTIONS=1";
				PREBINDING = NO;
				"PROVISIONING_PROFILE[sdk=iphoneos*]" = "";
				SDKROOT = iphoneos4.2;
				VALIDATE_PRODUCT = YES;
			};
			name = Distribuition;
		};
		3D4F728F131BE6270081D69A /* Distribuition */ = {
			isa = XCBuildConfiguration;
			buildSettings = {
				ALWAYS_SEARCH_USER_PATHS = NO;
				COPY_PHASE_STRIP = YES;
				GCC_PRECOMPILE_PREFIX_HEADER = YES;
				GCC_PREFIX_HEADER = NinetyMinutes_Prefix.pch;
				HEADER_SEARCH_PATHS = Libraries/Three20/Build/Products/three20;
				INFOPLIST_FILE = "NinetyMinutes-Info.plist";
				OTHER_LDFLAGS = (
					"-force_load",
					"Libraries/Three20/Build/Products/$(CONFIGURATION)$(EFFECTIVE_PLATFORM_NAME)/libThree20UICommon.a",
					"-force_load",
					"Libraries/Three20/Build/Products/$(CONFIGURATION)$(EFFECTIVE_PLATFORM_NAME)/libThree20.a",
					"-force_load",
					"Libraries/Three20/Build/Products/$(CONFIGURATION)$(EFFECTIVE_PLATFORM_NAME)/libThree20UINavigator.a",
					"-force_load",
					"Libraries/Three20/Build/Products/$(CONFIGURATION)$(EFFECTIVE_PLATFORM_NAME)/libThree20Core.a",
					"-force_load",
					"Libraries/Three20/Build/Products/$(CONFIGURATION)$(EFFECTIVE_PLATFORM_NAME)/libThree20UI.a",
					"-force_load",
					"Libraries/Three20/Build/Products/$(CONFIGURATION)$(EFFECTIVE_PLATFORM_NAME)/libThree20Network.a",
					"-force_load",
					"Libraries/Three20/Build/Products/$(CONFIGURATION)$(EFFECTIVE_PLATFORM_NAME)/libThree20Style.a",
				);
				PRODUCT_NAME = NinetyMinutes;
				VALIDATE_PRODUCT = YES;
			};
			name = Distribuition;
		};
		C01FCF4F08A954540054247B /* Debug */ = {
			isa = XCBuildConfiguration;
			buildSettings = {
				ARCHS = "$(ARCHS_STANDARD_32_BIT)";
				"CODE_SIGN_IDENTITY[sdk=iphoneos*]" = "iPhone Developer";
				GCC_C_LANGUAGE_STANDARD = c99;
				GCC_WARN_ABOUT_RETURN_TYPE = YES;
				GCC_WARN_UNUSED_VARIABLE = YES;
				PREBINDING = NO;
				"PROVISIONING_PROFILE[sdk=iphoneos*]" = "";
				SDKROOT = iphoneos4.2;
			};
			name = Debug;
		};
		C01FCF5008A954540054247B /* Release */ = {
			isa = XCBuildConfiguration;
			buildSettings = {
				ARCHS = "$(ARCHS_STANDARD_32_BIT)";
				"CODE_SIGN_IDENTITY[sdk=iphoneos*]" = "iPhone Developer";
				GCC_C_LANGUAGE_STANDARD = c99;
				GCC_WARN_ABOUT_RETURN_TYPE = YES;
				GCC_WARN_UNUSED_VARIABLE = YES;
				OTHER_CFLAGS = "-DNS_BLOCK_ASSERTIONS=1";
				PREBINDING = NO;
				"PROVISIONING_PROFILE[sdk=iphoneos*]" = "";
				SDKROOT = iphoneos4.2;
				VALIDATE_PRODUCT = YES;
			};
			name = Release;
		};
/* End XCBuildConfiguration section */

/* Begin XCConfigurationList section */
		1D6058960D05DD3E006BFB54 /* Build configuration list for PBXNativeTarget "NinetyMinutes" */ = {
			isa = XCConfigurationList;
			buildConfigurations = (
				1D6058940D05DD3E006BFB54 /* Debug */,
				1D6058950D05DD3E006BFB54 /* Release */,
				3D4F728F131BE6270081D69A /* Distribuition */,
			);
			defaultConfigurationIsVisible = 0;
			defaultConfigurationName = Release;
		};
		C01FCF4E08A954540054247B /* Build configuration list for PBXProject "NinetyMinutes" */ = {
			isa = XCConfigurationList;
			buildConfigurations = (
				C01FCF4F08A954540054247B /* Debug */,
				C01FCF5008A954540054247B /* Release */,
				3D4F728E131BE6270081D69A /* Distribuition */,
			);
			defaultConfigurationIsVisible = 0;
			defaultConfigurationName = Release;
		};
/* End XCConfigurationList section */
	};
	rootObject = 29B97313FDCFA39411CA2CEA /* Project object */;
}
