// !$*UTF8*$!
{
	archiveVersion = 1;
	classes = {
	};
	objectVersion = 45;
	objects = {

/* Begin PBXBuildFile section */
		1D3623260D0F684500981E51 /* NinetyMinutesAppDelegate.m in Sources */ = {isa = PBXBuildFile; fileRef = 1D3623250D0F684500981E51 /* NinetyMinutesAppDelegate.m */; };
		1D60589B0D05DD56006BFB54 /* main.m in Sources */ = {isa = PBXBuildFile; fileRef = 29B97316FDCFA39411CA2CEA /* main.m */; };
		1D60589F0D05DD5A006BFB54 /* Foundation.framework in Frameworks */ = {isa = PBXBuildFile; fileRef = 1D30AB110D05D00D00671497 /* Foundation.framework */; };
		1DF5F4E00D08C38300B7A737 /* UIKit.framework in Frameworks */ = {isa = PBXBuildFile; fileRef = 1DF5F4DF0D08C38300B7A737 /* UIKit.framework */; };
		2892E4100DC94CBA00A64D0F /* CoreGraphics.framework in Frameworks */ = {isa = PBXBuildFile; fileRef = 2892E40F0DC94CBA00A64D0F /* CoreGraphics.framework */; };
		28AD73600D9D9599002E5188 /* MainWindow.xib in Resources */ = {isa = PBXBuildFile; fileRef = 28AD735F0D9D9599002E5188 /* MainWindow.xib */; };
		28C286E10D94DF7D0034E888 /* NMRootViewController.m in Sources */ = {isa = PBXBuildFile; fileRef = 28C286E00D94DF7D0034E888 /* NMRootViewController.m */; };
		28F335F11007B36200424DE2 /* NMRootViewController.xib in Resources */ = {isa = PBXBuildFile; fileRef = 28F335F01007B36200424DE2 /* NMRootViewController.xib */; };
		3D2B0B571306D5B2002BD38A /* ASIAuthenticationDialog.m in Sources */ = {isa = PBXBuildFile; fileRef = 3D2B0B441306D5B2002BD38A /* ASIAuthenticationDialog.m */; };
		3D2B0B581306D5B2002BD38A /* ASIDataCompressor.m in Sources */ = {isa = PBXBuildFile; fileRef = 3D2B0B471306D5B2002BD38A /* ASIDataCompressor.m */; };
		3D2B0B591306D5B2002BD38A /* ASIDataDecompressor.m in Sources */ = {isa = PBXBuildFile; fileRef = 3D2B0B491306D5B2002BD38A /* ASIDataDecompressor.m */; };
		3D2B0B5A1306D5B2002BD38A /* ASIDownloadCache.m in Sources */ = {isa = PBXBuildFile; fileRef = 3D2B0B4B1306D5B2002BD38A /* ASIDownloadCache.m */; };
		3D2B0B5B1306D5B2002BD38A /* ASIFormDataRequest.m in Sources */ = {isa = PBXBuildFile; fileRef = 3D2B0B4D1306D5B2002BD38A /* ASIFormDataRequest.m */; };
		3D2B0B5C1306D5B2002BD38A /* ASIHTTPRequest.m in Sources */ = {isa = PBXBuildFile; fileRef = 3D2B0B4F1306D5B2002BD38A /* ASIHTTPRequest.m */; };
		3D2B0B5D1306D5B2002BD38A /* ASIInputStream.m in Sources */ = {isa = PBXBuildFile; fileRef = 3D2B0B531306D5B2002BD38A /* ASIInputStream.m */; };
		3D2B0B5E1306D5B2002BD38A /* ASINetworkQueue.m in Sources */ = {isa = PBXBuildFile; fileRef = 3D2B0B551306D5B2002BD38A /* ASINetworkQueue.m */; };
		3D2B0B621306D5FA002BD38A /* Reachability.m in Sources */ = {isa = PBXBuildFile; fileRef = 3D2B0B611306D5FA002BD38A /* Reachability.m */; };
		3D2B0B641306D60E002BD38A /* CFNetwork.framework in Frameworks */ = {isa = PBXBuildFile; fileRef = 3D2B0B631306D60E002BD38A /* CFNetwork.framework */; };
		3D2B0B681306D61A002BD38A /* SystemConfiguration.framework in Frameworks */ = {isa = PBXBuildFile; fileRef = 3D2B0B671306D61A002BD38A /* SystemConfiguration.framework */; };
		3D2B0B6C1306D626002BD38A /* MobileCoreServices.framework in Frameworks */ = {isa = PBXBuildFile; fileRef = 3D2B0B6B1306D626002BD38A /* MobileCoreServices.framework */; };
		3D2B0B701306D64F002BD38A /* libz.1.2.3.dylib in Frameworks */ = {isa = PBXBuildFile; fileRef = 3D2B0B6F1306D64F002BD38A /* libz.1.2.3.dylib */; };
		3D2B0B8B1306D768002BD38A /* NMUser.m in Sources */ = {isa = PBXBuildFile; fileRef = 3D2B0B8A1306D768002BD38A /* NMUser.m */; };
		3D2B0BB41306D99E002BD38A /* NMRequest.m in Sources */ = {isa = PBXBuildFile; fileRef = 3D2B0BB31306D99E002BD38A /* NMRequest.m */; };
		3D2B0BD41306DB51002BD38A /* NMAuthenticationManager.m in Sources */ = {isa = PBXBuildFile; fileRef = 3D2B0BD31306DB51002BD38A /* NMAuthenticationManager.m */; };
		3D2B0BFB1306DFA0002BD38A /* NMLoginViewController.m in Sources */ = {isa = PBXBuildFile; fileRef = 3D2B0BF91306DFA0002BD38A /* NMLoginViewController.m */; };
		3D2B0BFC1306DFA0002BD38A /* NMLoginViewController.xib in Resources */ = {isa = PBXBuildFile; fileRef = 3D2B0BFA1306DFA0002BD38A /* NMLoginViewController.xib */; };
		3D2B0C7F1306EEF7002BD38A /* Global.m in Sources */ = {isa = PBXBuildFile; fileRef = 3D2B0C7E1306EEF7002BD38A /* Global.m */; };
/* End PBXBuildFile section */

/* Begin PBXFileReference section */
		1D30AB110D05D00D00671497 /* Foundation.framework */ = {isa = PBXFileReference; lastKnownFileType = wrapper.framework; name = Foundation.framework; path = System/Library/Frameworks/Foundation.framework; sourceTree = SDKROOT; };
		1D3623240D0F684500981E51 /* NinetyMinutesAppDelegate.h */ = {isa = PBXFileReference; fileEncoding = 4; lastKnownFileType = sourcecode.c.h; path = NinetyMinutesAppDelegate.h; sourceTree = "<group>"; };
		1D3623250D0F684500981E51 /* NinetyMinutesAppDelegate.m */ = {isa = PBXFileReference; fileEncoding = 4; lastKnownFileType = sourcecode.c.objc; path = NinetyMinutesAppDelegate.m; sourceTree = "<group>"; };
		1D6058910D05DD3D006BFB54 /* NinetyMinutes.app */ = {isa = PBXFileReference; explicitFileType = wrapper.application; includeInIndex = 0; path = NinetyMinutes.app; sourceTree = BUILT_PRODUCTS_DIR; };
		1DF5F4DF0D08C38300B7A737 /* UIKit.framework */ = {isa = PBXFileReference; lastKnownFileType = wrapper.framework; name = UIKit.framework; path = System/Library/Frameworks/UIKit.framework; sourceTree = SDKROOT; };
		2892E40F0DC94CBA00A64D0F /* CoreGraphics.framework */ = {isa = PBXFileReference; lastKnownFileType = wrapper.framework; name = CoreGraphics.framework; path = System/Library/Frameworks/CoreGraphics.framework; sourceTree = SDKROOT; };
		28A0AAE50D9B0CCF005BE974 /* NinetyMinutes_Prefix.pch */ = {isa = PBXFileReference; fileEncoding = 4; lastKnownFileType = sourcecode.c.h; path = NinetyMinutes_Prefix.pch; sourceTree = "<group>"; };
		28AD735F0D9D9599002E5188 /* MainWindow.xib */ = {isa = PBXFileReference; lastKnownFileType = file.xib; name = MainWindow.xib; path = ../MainWindow.xib; sourceTree = "<group>"; };
		28C286DF0D94DF7D0034E888 /* NMRootViewController.h */ = {isa = PBXFileReference; fileEncoding = 4; lastKnownFileType = sourcecode.c.h; path = NMRootViewController.h; sourceTree = "<group>"; };
		28C286E00D94DF7D0034E888 /* NMRootViewController.m */ = {isa = PBXFileReference; fileEncoding = 4; lastKnownFileType = sourcecode.c.objc; path = NMRootViewController.m; sourceTree = "<group>"; };
		28F335F01007B36200424DE2 /* NMRootViewController.xib */ = {isa = PBXFileReference; lastKnownFileType = file.xib; name = NMRootViewController.xib; path = ../NMRootViewController.xib; sourceTree = "<group>"; };
		29B97316FDCFA39411CA2CEA /* main.m */ = {isa = PBXFileReference; fileEncoding = 4; lastKnownFileType = sourcecode.c.objc; path = main.m; sourceTree = "<group>"; };
		3D2B0B431306D5B2002BD38A /* ASIAuthenticationDialog.h */ = {isa = PBXFileReference; fileEncoding = 4; lastKnownFileType = sourcecode.c.h; path = ASIAuthenticationDialog.h; sourceTree = "<group>"; };
		3D2B0B441306D5B2002BD38A /* ASIAuthenticationDialog.m */ = {isa = PBXFileReference; fileEncoding = 4; lastKnownFileType = sourcecode.c.objc; path = ASIAuthenticationDialog.m; sourceTree = "<group>"; };
		3D2B0B451306D5B2002BD38A /* ASICacheDelegate.h */ = {isa = PBXFileReference; fileEncoding = 4; lastKnownFileType = sourcecode.c.h; path = ASICacheDelegate.h; sourceTree = "<group>"; };
		3D2B0B461306D5B2002BD38A /* ASIDataCompressor.h */ = {isa = PBXFileReference; fileEncoding = 4; lastKnownFileType = sourcecode.c.h; path = ASIDataCompressor.h; sourceTree = "<group>"; };
		3D2B0B471306D5B2002BD38A /* ASIDataCompressor.m */ = {isa = PBXFileReference; fileEncoding = 4; lastKnownFileType = sourcecode.c.objc; path = ASIDataCompressor.m; sourceTree = "<group>"; };
		3D2B0B481306D5B2002BD38A /* ASIDataDecompressor.h */ = {isa = PBXFileReference; fileEncoding = 4; lastKnownFileType = sourcecode.c.h; path = ASIDataDecompressor.h; sourceTree = "<group>"; };
		3D2B0B491306D5B2002BD38A /* ASIDataDecompressor.m */ = {isa = PBXFileReference; fileEncoding = 4; lastKnownFileType = sourcecode.c.objc; path = ASIDataDecompressor.m; sourceTree = "<group>"; };
		3D2B0B4A1306D5B2002BD38A /* ASIDownloadCache.h */ = {isa = PBXFileReference; fileEncoding = 4; lastKnownFileType = sourcecode.c.h; path = ASIDownloadCache.h; sourceTree = "<group>"; };
		3D2B0B4B1306D5B2002BD38A /* ASIDownloadCache.m */ = {isa = PBXFileReference; fileEncoding = 4; lastKnownFileType = sourcecode.c.objc; path = ASIDownloadCache.m; sourceTree = "<group>"; };
		3D2B0B4C1306D5B2002BD38A /* ASIFormDataRequest.h */ = {isa = PBXFileReference; fileEncoding = 4; lastKnownFileType = sourcecode.c.h; path = ASIFormDataRequest.h; sourceTree = "<group>"; };
		3D2B0B4D1306D5B2002BD38A /* ASIFormDataRequest.m */ = {isa = PBXFileReference; fileEncoding = 4; lastKnownFileType = sourcecode.c.objc; path = ASIFormDataRequest.m; sourceTree = "<group>"; };
		3D2B0B4E1306D5B2002BD38A /* ASIHTTPRequest.h */ = {isa = PBXFileReference; fileEncoding = 4; lastKnownFileType = sourcecode.c.h; path = ASIHTTPRequest.h; sourceTree = "<group>"; };
		3D2B0B4F1306D5B2002BD38A /* ASIHTTPRequest.m */ = {isa = PBXFileReference; fileEncoding = 4; lastKnownFileType = sourcecode.c.objc; path = ASIHTTPRequest.m; sourceTree = "<group>"; };
		3D2B0B501306D5B2002BD38A /* ASIHTTPRequestConfig.h */ = {isa = PBXFileReference; fileEncoding = 4; lastKnownFileType = sourcecode.c.h; path = ASIHTTPRequestConfig.h; sourceTree = "<group>"; };
		3D2B0B511306D5B2002BD38A /* ASIHTTPRequestDelegate.h */ = {isa = PBXFileReference; fileEncoding = 4; lastKnownFileType = sourcecode.c.h; path = ASIHTTPRequestDelegate.h; sourceTree = "<group>"; };
		3D2B0B521306D5B2002BD38A /* ASIInputStream.h */ = {isa = PBXFileReference; fileEncoding = 4; lastKnownFileType = sourcecode.c.h; path = ASIInputStream.h; sourceTree = "<group>"; };
		3D2B0B531306D5B2002BD38A /* ASIInputStream.m */ = {isa = PBXFileReference; fileEncoding = 4; lastKnownFileType = sourcecode.c.objc; path = ASIInputStream.m; sourceTree = "<group>"; };
		3D2B0B541306D5B2002BD38A /* ASINetworkQueue.h */ = {isa = PBXFileReference; fileEncoding = 4; lastKnownFileType = sourcecode.c.h; path = ASINetworkQueue.h; sourceTree = "<group>"; };
		3D2B0B551306D5B2002BD38A /* ASINetworkQueue.m */ = {isa = PBXFileReference; fileEncoding = 4; lastKnownFileType = sourcecode.c.objc; path = ASINetworkQueue.m; sourceTree = "<group>"; };
		3D2B0B561306D5B2002BD38A /* ASIProgressDelegate.h */ = {isa = PBXFileReference; fileEncoding = 4; lastKnownFileType = sourcecode.c.h; path = ASIProgressDelegate.h; sourceTree = "<group>"; };
		3D2B0B601306D5FA002BD38A /* Reachability.h */ = {isa = PBXFileReference; fileEncoding = 4; lastKnownFileType = sourcecode.c.h; path = Reachability.h; sourceTree = "<group>"; };
		3D2B0B611306D5FA002BD38A /* Reachability.m */ = {isa = PBXFileReference; fileEncoding = 4; lastKnownFileType = sourcecode.c.objc; path = Reachability.m; sourceTree = "<group>"; };
		3D2B0B631306D60E002BD38A /* CFNetwork.framework */ = {isa = PBXFileReference; lastKnownFileType = wrapper.framework; name = CFNetwork.framework; path = System/Library/Frameworks/CFNetwork.framework; sourceTree = SDKROOT; };
		3D2B0B671306D61A002BD38A /* SystemConfiguration.framework */ = {isa = PBXFileReference; lastKnownFileType = wrapper.framework; name = SystemConfiguration.framework; path = System/Library/Frameworks/SystemConfiguration.framework; sourceTree = SDKROOT; };
		3D2B0B6B1306D626002BD38A /* MobileCoreServices.framework */ = {isa = PBXFileReference; lastKnownFileType = wrapper.framework; name = MobileCoreServices.framework; path = System/Library/Frameworks/MobileCoreServices.framework; sourceTree = SDKROOT; };
		3D2B0B6F1306D64F002BD38A /* libz.1.2.3.dylib */ = {isa = PBXFileReference; lastKnownFileType = "compiled.mach-o.dylib"; name = libz.1.2.3.dylib; path = usr/lib/libz.1.2.3.dylib; sourceTree = SDKROOT; };
		3D2B0B891306D768002BD38A /* NMUser.h */ = {isa = PBXFileReference; fileEncoding = 4; lastKnownFileType = sourcecode.c.h; path = NMUser.h; sourceTree = "<group>"; };
		3D2B0B8A1306D768002BD38A /* NMUser.m */ = {isa = PBXFileReference; fileEncoding = 4; lastKnownFileType = sourcecode.c.objc; path = NMUser.m; sourceTree = "<group>"; };
		3D2B0BB21306D99E002BD38A /* NMRequest.h */ = {isa = PBXFileReference; fileEncoding = 4; lastKnownFileType = sourcecode.c.h; path = NMRequest.h; sourceTree = "<group>"; };
		3D2B0BB31306D99E002BD38A /* NMRequest.m */ = {isa = PBXFileReference; fileEncoding = 4; lastKnownFileType = sourcecode.c.objc; path = NMRequest.m; sourceTree = "<group>"; };
		3D2B0BD21306DB51002BD38A /* NMAuthenticationManager.h */ = {isa = PBXFileReference; fileEncoding = 4; lastKnownFileType = sourcecode.c.h; path = NMAuthenticationManager.h; sourceTree = "<group>"; };
		3D2B0BD31306DB51002BD38A /* NMAuthenticationManager.m */ = {isa = PBXFileReference; fileEncoding = 4; lastKnownFileType = sourcecode.c.objc; path = NMAuthenticationManager.m; sourceTree = "<group>"; };
		3D2B0BF81306DFA0002BD38A /* NMLoginViewController.h */ = {isa = PBXFileReference; fileEncoding = 4; lastKnownFileType = sourcecode.c.h; path = NMLoginViewController.h; sourceTree = "<group>"; };
		3D2B0BF91306DFA0002BD38A /* NMLoginViewController.m */ = {isa = PBXFileReference; fileEncoding = 4; lastKnownFileType = sourcecode.c.objc; path = NMLoginViewController.m; sourceTree = "<group>"; };
		3D2B0BFA1306DFA0002BD38A /* NMLoginViewController.xib */ = {isa = PBXFileReference; lastKnownFileType = file.xib; path = NMLoginViewController.xib; sourceTree = "<group>"; };
		3D2B0C7D1306EEF7002BD38A /* Global.h */ = {isa = PBXFileReference; fileEncoding = 4; lastKnownFileType = sourcecode.c.h; path = Global.h; sourceTree = "<group>"; };
		3D2B0C7E1306EEF7002BD38A /* Global.m */ = {isa = PBXFileReference; fileEncoding = 4; lastKnownFileType = sourcecode.c.objc; path = Global.m; sourceTree = "<group>"; };
		8D1107310486CEB800E47090 /* NinetyMinutes-Info.plist */ = {isa = PBXFileReference; fileEncoding = 4; lastKnownFileType = text.plist.xml; path = "NinetyMinutes-Info.plist"; plistStructureDefinitionIdentifier = "com.apple.xcode.plist.structure-definition.iphone.info-plist"; sourceTree = "<group>"; };
/* End PBXFileReference section */

/* Begin PBXFrameworksBuildPhase section */
		1D60588F0D05DD3D006BFB54 /* Frameworks */ = {
			isa = PBXFrameworksBuildPhase;
			buildActionMask = 2147483647;
			files = (
				1D60589F0D05DD5A006BFB54 /* Foundation.framework in Frameworks */,
				1DF5F4E00D08C38300B7A737 /* UIKit.framework in Frameworks */,
				2892E4100DC94CBA00A64D0F /* CoreGraphics.framework in Frameworks */,
				3D2B0B641306D60E002BD38A /* CFNetwork.framework in Frameworks */,
				3D2B0B681306D61A002BD38A /* SystemConfiguration.framework in Frameworks */,
				3D2B0B6C1306D626002BD38A /* MobileCoreServices.framework in Frameworks */,
				3D2B0B701306D64F002BD38A /* libz.1.2.3.dylib in Frameworks */,
			);
			runOnlyForDeploymentPostprocessing = 0;
		};
/* End PBXFrameworksBuildPhase section */

/* Begin PBXGroup section */
		080E96DDFE201D6D7F000001 /* Classes */ = {
			isa = PBXGroup;
			children = (
				3D2B0C7D1306EEF7002BD38A /* Global.h */,
				3D2B0C7E1306EEF7002BD38A /* Global.m */,
				3D2B0AE81306D17E002BD38A /* Model */,
				3D2B0B901306D818002BD38A /* Services */,
				3D2B0AE71306D17B002BD38A /* Controller */,
			);
			path = Classes;
			sourceTree = "<group>";
		};
		19C28FACFE9D520D11CA2CBB /* Products */ = {
			isa = PBXGroup;
			children = (
				1D6058910D05DD3D006BFB54 /* NinetyMinutes.app */,
			);
			name = Products;
			sourceTree = "<group>";
		};
		29B97314FDCFA39411CA2CEA /* CustomTemplate */ = {
			isa = PBXGroup;
			children = (
				080E96DDFE201D6D7F000001 /* Classes */,
				29B97315FDCFA39411CA2CEA /* Other Sources */,
				29B97317FDCFA39411CA2CEA /* Resources */,
				3D2B0B3F1306D55C002BD38A /* Assets */,
				3D2B0B411306D55C002BD38A /* Libraries */,
				29B97323FDCFA39411CA2CEA /* Frameworks */,
				19C28FACFE9D520D11CA2CBB /* Products */,
			);
			name = CustomTemplate;
			sourceTree = "<group>";
		};
		29B97315FDCFA39411CA2CEA /* Other Sources */ = {
			isa = PBXGroup;
			children = (
				28A0AAE50D9B0CCF005BE974 /* NinetyMinutes_Prefix.pch */,
				29B97316FDCFA39411CA2CEA /* main.m */,
			);
			name = "Other Sources";
			sourceTree = "<group>";
		};
		29B97317FDCFA39411CA2CEA /* Resources */ = {
			isa = PBXGroup;
			children = (
				8D1107310486CEB800E47090 /* NinetyMinutes-Info.plist */,
			);
			name = Resources;
			sourceTree = "<group>";
		};
		29B97323FDCFA39411CA2CEA /* Frameworks */ = {
			isa = PBXGroup;
			children = (
				1DF5F4DF0D08C38300B7A737 /* UIKit.framework */,
				1D30AB110D05D00D00671497 /* Foundation.framework */,
				2892E40F0DC94CBA00A64D0F /* CoreGraphics.framework */,
				3D2B0B631306D60E002BD38A /* CFNetwork.framework */,
				3D2B0B671306D61A002BD38A /* SystemConfiguration.framework */,
				3D2B0B6B1306D626002BD38A /* MobileCoreServices.framework */,
				3D2B0B6F1306D64F002BD38A /* libz.1.2.3.dylib */,
			);
			name = Frameworks;
			sourceTree = "<group>";
		};
		3D2B0AE71306D17B002BD38A /* Controller */ = {
			isa = PBXGroup;
			children = (
				1D3623240D0F684500981E51 /* NinetyMinutesAppDelegate.h */,
				1D3623250D0F684500981E51 /* NinetyMinutesAppDelegate.m */,
				28AD735F0D9D9599002E5188 /* MainWindow.xib */,
				3D2B0C2D1306E6E2002BD38A /* Root */,
				3D2B0BFD1306DFA7002BD38A /* Login */,
			);
			name = Controller;
			sourceTree = "<group>";
		};
		3D2B0AE81306D17E002BD38A /* Model */ = {
			isa = PBXGroup;
			children = (
				3D2B0B891306D768002BD38A /* NMUser.h */,
				3D2B0B8A1306D768002BD38A /* NMUser.m */,
			);
			name = Model;
			sourceTree = "<group>";
		};
		3D2B0B3F1306D55C002BD38A /* Assets */ = {
			isa = PBXGroup;
			children = (
				3D2B0B401306D55C002BD38A /* Images */,
			);
			path = Assets;
			sourceTree = "<group>";
		};
		3D2B0B401306D55C002BD38A /* Images */ = {
			isa = PBXGroup;
			children = (
			);
			path = Images;
			sourceTree = "<group>";
		};
		3D2B0B411306D55C002BD38A /* Libraries */ = {
			isa = PBXGroup;
			children = (
				3D2B0B5F1306D5FA002BD38A /* Reachability */,
				3D2B0B421306D5B2002BD38A /* ASIHTTPPRequest */,
			);
			path = Libraries;
			sourceTree = "<group>";
		};
		3D2B0B421306D5B2002BD38A /* ASIHTTPPRequest */ = {
			isa = PBXGroup;
			children = (
				3D2B0B431306D5B2002BD38A /* ASIAuthenticationDialog.h */,
				3D2B0B441306D5B2002BD38A /* ASIAuthenticationDialog.m */,
				3D2B0B451306D5B2002BD38A /* ASICacheDelegate.h */,
				3D2B0B461306D5B2002BD38A /* ASIDataCompressor.h */,
				3D2B0B471306D5B2002BD38A /* ASIDataCompressor.m */,
				3D2B0B481306D5B2002BD38A /* ASIDataDecompressor.h */,
				3D2B0B491306D5B2002BD38A /* ASIDataDecompressor.m */,
				3D2B0B4A1306D5B2002BD38A /* ASIDownloadCache.h */,
				3D2B0B4B1306D5B2002BD38A /* ASIDownloadCache.m */,
				3D2B0B4C1306D5B2002BD38A /* ASIFormDataRequest.h */,
				3D2B0B4D1306D5B2002BD38A /* ASIFormDataRequest.m */,
				3D2B0B4E1306D5B2002BD38A /* ASIHTTPRequest.h */,
				3D2B0B4F1306D5B2002BD38A /* ASIHTTPRequest.m */,
				3D2B0B501306D5B2002BD38A /* ASIHTTPRequestConfig.h */,
				3D2B0B511306D5B2002BD38A /* ASIHTTPRequestDelegate.h */,
				3D2B0B521306D5B2002BD38A /* ASIInputStream.h */,
				3D2B0B531306D5B2002BD38A /* ASIInputStream.m */,
				3D2B0B541306D5B2002BD38A /* ASINetworkQueue.h */,
				3D2B0B551306D5B2002BD38A /* ASINetworkQueue.m */,
				3D2B0B561306D5B2002BD38A /* ASIProgressDelegate.h */,
			);
			path = ASIHTTPPRequest;
			sourceTree = "<group>";
		};
		3D2B0B5F1306D5FA002BD38A /* Reachability */ = {
			isa = PBXGroup;
			children = (
				3D2B0B601306D5FA002BD38A /* Reachability.h */,
				3D2B0B611306D5FA002BD38A /* Reachability.m */,
			);
			path = Reachability;
			sourceTree = "<group>";
		};
		3D2B0B901306D818002BD38A /* Services */ = {
			isa = PBXGroup;
			children = (
				3D2B0BB21306D99E002BD38A /* NMRequest.h */,
				3D2B0BB31306D99E002BD38A /* NMRequest.m */,
				3D2B0BD21306DB51002BD38A /* NMAuthenticationManager.h */,
				3D2B0BD31306DB51002BD38A /* NMAuthenticationManager.m */,
			);
			name = Services;
			sourceTree = "<group>";
		};
		3D2B0BFD1306DFA7002BD38A /* Login */ = {
			isa = PBXGroup;
			children = (
				3D2B0BF81306DFA0002BD38A /* NMLoginViewController.h */,
				3D2B0BF91306DFA0002BD38A /* NMLoginViewController.m */,
				3D2B0BFA1306DFA0002BD38A /* NMLoginViewController.xib */,
			);
			name = Login;
			sourceTree = "<group>";
		};
		3D2B0C2D1306E6E2002BD38A /* Root */ = {
			isa = PBXGroup;
			children = (
				28C286DF0D94DF7D0034E888 /* NMRootViewController.h */,
				28C286E00D94DF7D0034E888 /* NMRootViewController.m */,
				28F335F01007B36200424DE2 /* NMRootViewController.xib */,
			);
			name = Root;
			sourceTree = "<group>";
		};
/* End PBXGroup section */

/* Begin PBXNativeTarget section */
		1D6058900D05DD3D006BFB54 /* NinetyMinutes */ = {
			isa = PBXNativeTarget;
			buildConfigurationList = 1D6058960D05DD3E006BFB54 /* Build configuration list for PBXNativeTarget "NinetyMinutes" */;
			buildPhases = (
				1D60588D0D05DD3D006BFB54 /* Resources */,
				1D60588E0D05DD3D006BFB54 /* Sources */,
				1D60588F0D05DD3D006BFB54 /* Frameworks */,
			);
			buildRules = (
			);
			dependencies = (
			);
			name = NinetyMinutes;
			productName = NinetyMinutes;
			productReference = 1D6058910D05DD3D006BFB54 /* NinetyMinutes.app */;
			productType = "com.apple.product-type.application";
		};
/* End PBXNativeTarget section */

/* Begin PBXProject section */
		29B97313FDCFA39411CA2CEA /* Project object */ = {
			isa = PBXProject;
			attributes = {
				ORGANIZATIONNAME = "Nebil Kriedi";
			};
			buildConfigurationList = C01FCF4E08A954540054247B /* Build configuration list for PBXProject "NinetyMinutes" */;
			compatibilityVersion = "Xcode 3.1";
			developmentRegion = English;
			hasScannedForEncodings = 1;
			knownRegions = (
				English,
				Japanese,
				French,
				German,
				en,
			);
			mainGroup = 29B97314FDCFA39411CA2CEA /* CustomTemplate */;
			projectDirPath = "";
			projectRoot = "";
			targets = (
				1D6058900D05DD3D006BFB54 /* NinetyMinutes */,
			);
		};
/* End PBXProject section */

/* Begin PBXResourcesBuildPhase section */
		1D60588D0D05DD3D006BFB54 /* Resources */ = {
			isa = PBXResourcesBuildPhase;
			buildActionMask = 2147483647;
			files = (
				28AD73600D9D9599002E5188 /* MainWindow.xib in Resources */,
				28F335F11007B36200424DE2 /* NMRootViewController.xib in Resources */,
				3D2B0BFC1306DFA0002BD38A /* NMLoginViewController.xib in Resources */,
			);
			runOnlyForDeploymentPostprocessing = 0;
		};
/* End PBXResourcesBuildPhase section */

/* Begin PBXSourcesBuildPhase section */
		1D60588E0D05DD3D006BFB54 /* Sources */ = {
			isa = PBXSourcesBuildPhase;
			buildActionMask = 2147483647;
			files = (
				1D60589B0D05DD56006BFB54 /* main.m in Sources */,
				1D3623260D0F684500981E51 /* NinetyMinutesAppDelegate.m in Sources */,
				28C286E10D94DF7D0034E888 /* NMRootViewController.m in Sources */,
				3D2B0B571306D5B2002BD38A /* ASIAuthenticationDialog.m in Sources */,
				3D2B0B581306D5B2002BD38A /* ASIDataCompressor.m in Sources */,
				3D2B0B591306D5B2002BD38A /* ASIDataDecompressor.m in Sources */,
				3D2B0B5A1306D5B2002BD38A /* ASIDownloadCache.m in Sources */,
				3D2B0B5B1306D5B2002BD38A /* ASIFormDataRequest.m in Sources */,
				3D2B0B5C1306D5B2002BD38A /* ASIHTTPRequest.m in Sources */,
				3D2B0B5D1306D5B2002BD38A /* ASIInputStream.m in Sources */,
				3D2B0B5E1306D5B2002BD38A /* ASINetworkQueue.m in Sources */,
				3D2B0B621306D5FA002BD38A /* Reachability.m in Sources */,
				3D2B0B8B1306D768002BD38A /* NMUser.m in Sources */,
				3D2B0BB41306D99E002BD38A /* NMRequest.m in Sources */,
				3D2B0BD41306DB51002BD38A /* NMAuthenticationManager.m in Sources */,
				3D2B0BFB1306DFA0002BD38A /* NMLoginViewController.m in Sources */,
				3D2B0C7F1306EEF7002BD38A /* Global.m in Sources */,
			);
			runOnlyForDeploymentPostprocessing = 0;
		};
/* End PBXSourcesBuildPhase section */

/* Begin XCBuildConfiguration section */
		1D6058940D05DD3E006BFB54 /* Debug */ = {
			isa = XCBuildConfiguration;
			buildSettings = {
				ALWAYS_SEARCH_USER_PATHS = NO;
				COPY_PHASE_STRIP = NO;
				GCC_DYNAMIC_NO_PIC = NO;
				GCC_OPTIMIZATION_LEVEL = 0;
				GCC_PRECOMPILE_PREFIX_HEADER = YES;
				GCC_PREFIX_HEADER = NinetyMinutes_Prefix.pch;
				INFOPLIST_FILE = "NinetyMinutes-Info.plist";
				PRODUCT_NAME = NinetyMinutes;
			};
			name = Debug;
		};
		1D6058950D05DD3E006BFB54 /* Release */ = {
			isa = XCBuildConfiguration;
			buildSettings = {
				ALWAYS_SEARCH_USER_PATHS = NO;
				COPY_PHASE_STRIP = YES;
				GCC_PRECOMPILE_PREFIX_HEADER = YES;
				GCC_PREFIX_HEADER = NinetyMinutes_Prefix.pch;
				INFOPLIST_FILE = "NinetyMinutes-Info.plist";
				PRODUCT_NAME = NinetyMinutes;
				VALIDATE_PRODUCT = YES;
			};
			name = Release;
		};
		C01FCF4F08A954540054247B /* Debug */ = {
			isa = XCBuildConfiguration;
			buildSettings = {
				ARCHS = "$(ARCHS_STANDARD_32_BIT)";
				"CODE_SIGN_IDENTITY[sdk=iphoneos*]" = "iPhone Developer";
				GCC_C_LANGUAGE_STANDARD = c99;
				GCC_WARN_ABOUT_RETURN_TYPE = YES;
				GCC_WARN_UNUSED_VARIABLE = YES;
				PREBINDING = NO;
				SDKROOT = iphoneos4.1;
			};
			name = Debug;
		};
		C01FCF5008A954540054247B /* Release */ = {
			isa = XCBuildConfiguration;
			buildSettings = {
				ARCHS = "$(ARCHS_STANDARD_32_BIT)";
				"CODE_SIGN_IDENTITY[sdk=iphoneos*]" = "iPhone Developer";
				GCC_C_LANGUAGE_STANDARD = c99;
				GCC_WARN_ABOUT_RETURN_TYPE = YES;
				GCC_WARN_UNUSED_VARIABLE = YES;
				OTHER_CFLAGS = "-DNS_BLOCK_ASSERTIONS=1";
				PREBINDING = NO;
				SDKROOT = iphoneos4.1;
			};
			name = Release;
		};
/* End XCBuildConfiguration section */

/* Begin XCConfigurationList section */
		1D6058960D05DD3E006BFB54 /* Build configuration list for PBXNativeTarget "NinetyMinutes" */ = {
			isa = XCConfigurationList;
			buildConfigurations = (
				1D6058940D05DD3E006BFB54 /* Debug */,
				1D6058950D05DD3E006BFB54 /* Release */,
			);
			defaultConfigurationIsVisible = 0;
			defaultConfigurationName = Release;
		};
		C01FCF4E08A954540054247B /* Build configuration list for PBXProject "NinetyMinutes" */ = {
			isa = XCConfigurationList;
			buildConfigurations = (
				C01FCF4F08A954540054247B /* Debug */,
				C01FCF5008A954540054247B /* Release */,
			);
			defaultConfigurationIsVisible = 0;
			defaultConfigurationName = Release;
		};
/* End XCConfigurationList section */
	};
	rootObject = 29B97313FDCFA39411CA2CEA /* Project object */;
}
